
Microsoft Visual Studio Solution File, Format Version 12.00
# Visual Studio 15
VisualStudioVersion = 15.0.26124.0
MinimumVisualStudioVersion = 15.0.26124.0
Project("{9A19103F-16F7-4668-BE54-9A1E7A4F7556}") = "R5T.Chalandri.DropboxRivetTestingData.Construction", "R5T.Chalandri.DropboxRivetTestingData.Construction\R5T.Chalandri.DropboxRivetTestingData.Construction.csproj", "{3135441D-0B56-4971-AD24-7A2C73F636BB}"
EndProject
Project("{9A19103F-16F7-4668-BE54-9A1E7A4F7556}") = "R5T.Chalandri.DropboxRivetTestingData", "R5T.Chalandri.DropboxRivetTestingData\R5T.Chalandri.DropboxRivetTestingData.csproj", "{CC546245-C1CE-4FE5-B41A-B01B02FC1BC3}"
EndProject
Project("{9A19103F-16F7-4668-BE54-9A1E7A4F7556}") = "R5T.Chalandri.DropboxRivetTestingData.Testing", "R5T.Chalandri.DropboxRivetTestingData.Testing\R5T.Chalandri.DropboxRivetTestingData.Testing.csproj", "{E6B96379-1E22-474C-A7DB-77A9ED5CE233}"
EndProject
Project("{2150E333-8FDC-42A3-9474-1A3956D46DE8}") = "_Dependencies", "_Dependencies", "{594DB90B-5C61-403B-8A86-CFFC229C3628}"
EndProject
Project("{9A19103F-16F7-4668-BE54-9A1E7A4F7556}") = "R5T.Chalandri.Glenrothes", "..\..\R5T.Chalandri.Glenrothes\source\R5T.Chalandri.Glenrothes\R5T.Chalandri.Glenrothes.csproj", "{06C1A16D-CB8E-4099-8ACE-041E6C6ACDA0}"
EndProject
Project("{9A19103F-16F7-4668-BE54-9A1E7A4F7556}") = "R5T.Glenrothes.DropboxRivetData", "..\..\R5T.Glenrothes.DropboxRivetData\source\R5T.Glenrothes.DropboxRivetData\R5T.Glenrothes.DropboxRivetData.csproj", "{7B94FA43-BFF7-4660-9121-70653D973188}"
EndProject
Project("{9A19103F-16F7-4668-BE54-9A1E7A4F7556}") = "R5T.Ilioupoli.Standard", "..\..\R5T.Ilioupoli.Standard\source\R5T.Ilioupoli.Standard\R5T.Ilioupoli.Standard.csproj", "{FD9DEFA5-1759-4E91-84A1-D12E7AF20651}"
EndProject
Project("{9A19103F-16F7-4668-BE54-9A1E7A4F7556}") = "R5T.Lombardy.Standard", "..\..\R5T.Lombardy.Standard\source\R5T.Lombardy.Standard\R5T.Lombardy.Standard.csproj", "{3BCA3DC8-2285-4CBE-9F68-34357A07D0D2}"
EndProject
Project("{9A19103F-16F7-4668-BE54-9A1E7A4F7556}") = "R5T.Chalandri.Base", "..\..\R5T.Chalandri.Base\source\R5T.Chalandri.Base\R5T.Chalandri.Base.csproj", "{2E03F1B2-E924-4BDC-B619-3ADE6AB9C27E}"
EndProject
Project("{9A19103F-16F7-4668-BE54-9A1E7A4F7556}") = "R5T.Glenrothes.Base", "..\..\R5T.Glenrothes.Base\source\R5T.Glenrothes.Base\R5T.Glenrothes.Base.csproj", "{16E70B06-DE5B-453A-917F-55EFCFCFB492}"
EndProject
Project("{9A19103F-16F7-4668-BE54-9A1E7A4F7556}") = "R5T.Ilioupoli.Base", "..\..\R5T.Ilioupoli.Base\source\R5T.Ilioupoli.Base\R5T.Ilioupoli.Base.csproj", "{AEDAD6A6-C163-4695-B40A-101FA4671AAA}"
EndProject
Project("{9A19103F-16F7-4668-BE54-9A1E7A4F7556}") = "R5T.Lombardy.Base", "..\..\R5T.Lombardy.Base\source\R5T.Lombardy.Base\R5T.Lombardy.Base.csproj", "{34F0B3AA-3ADB-4288-BC3E-89D41D279B5B}"
EndProject
Project("{9A19103F-16F7-4668-BE54-9A1E7A4F7556}") = "R5T.Findhorn.DropboxRivet", "..\..\R5T.Findhorn.DropboxRivet\source\R5T.Findhorn.DropboxRivet\R5T.Findhorn.DropboxRivet.csproj", "{E73F6B75-2D3F-4D62-A605-A696523E55CA}"
EndProject
Project("{9A19103F-16F7-4668-BE54-9A1E7A4F7556}") = "R5T.Dalkeith.Standard", "..\..\R5T.Dalkeith.Standard\source\R5T.Dalkeith.Standard\R5T.Dalkeith.Standard.csproj", "{1963E3F6-37C1-49FA-B2EE-6112DCD83CF0}"
EndProject
Project("{9A19103F-16F7-4668-BE54-9A1E7A4F7556}") = "R5T.Dacia", "..\..\R5T.Dacia\source\R5T.Dacia\R5T.Dacia.csproj", "{BF440824-944D-47EB-966F-5667F006B104}"
EndProject
Project("{9A19103F-16F7-4668-BE54-9A1E7A4F7556}") = "R5T.Dalkeith.Default", "..\..\R5T.Dalkeith.Default\source\R5T.Dalkeith.Default\R5T.Dalkeith.Default.csproj", "{6B3E43BB-F6B2-4DA9-A7A5-34E7D998E143}"
EndProject
Project("{9A19103F-16F7-4668-BE54-9A1E7A4F7556}") = "R5T.Dalkeith.Base", "..\..\R5T.Dalkeith.Base\source\R5T.Dalkeith.Base\R5T.Dalkeith.Base.csproj", "{224BFDA0-BC60-4A22-8F2F-5DFD22EDD5B8}"
EndProject
Project("{9A19103F-16F7-4668-BE54-9A1E7A4F7556}") = "R5T.Dimitrios.DropboxRivet", "..\..\R5T.Dimitrios.DropboxRivet\source\R5T.Dimitrios.DropboxRivet\R5T.Dimitrios.DropboxRivet.csproj", "{7C1875FD-C7E1-459C-BACC-3BE2BD9C2150}"
EndProject
Project("{9A19103F-16F7-4668-BE54-9A1E7A4F7556}") = "R5T.Dimitrios.Maoursi", "..\..\R5T.Dimitrios.Maoursi\source\R5T.Dimitrios.Maoursi\R5T.Dimitrios.Maoursi.csproj", "{DB7CC44A-4733-45B4-8440-E6FB2D932D6E}"
EndProject
Project("{9A19103F-16F7-4668-BE54-9A1E7A4F7556}") = "R5T.Dimitrios.Base", "..\..\R5T.Dimitrios.Base\source\R5T.Dimitrios.Base\R5T.Dimitrios.Base.csproj", "{40A2F12B-825F-425D-B937-000067C4B2A3}"
EndProject
Project("{9A19103F-16F7-4668-BE54-9A1E7A4F7556}") = "R5T.Egaleo.Base", "..\..\R5T.Egaleo.Base\source\R5T.Egaleo.Base\R5T.Egaleo.Base.csproj", "{32B227E7-3488-4718-AAFB-7FDEDCBF3267}"
EndProject
Project("{9A19103F-16F7-4668-BE54-9A1E7A4F7556}") = "R5T.Egaleo.Extensions", "..\..\R5T.Egaleo.Extensions\source\R5T.Egaleo.Extensions\R5T.Egaleo.Extensions.csproj", "{3E26656F-9F9E-437F-92C0-413ECB7C9699}"
EndProject
Project("{9A19103F-16F7-4668-BE54-9A1E7A4F7556}") = "R5T.Ostrogothia", "..\..\R5T.Ostrogothia\source\R5T.Ostrogothia\R5T.Ostrogothia.csproj", "{5D6B1642-7D80-41D0-B292-5B5330A97EBD}"
EndProject
Project("{9A19103F-16F7-4668-BE54-9A1E7A4F7556}") = "R5T.Maoursi.Base", "..\..\R5T.Maoursi.Base\source\R5T.Maoursi.Base\R5T.Maoursi.Base.csproj", "{83D45B15-A8D0-47EC-A7D3-8116C59B00B1}"
EndProject
Project("{9A19103F-16F7-4668-BE54-9A1E7A4F7556}") = "R5T.Oxford.Base", "..\..\R5T.Oxford.Base\source\R5T.Oxford.Base\R5T.Oxford.Base.csproj", "{964D28CE-D368-4C21-BF1A-AB0B23DB2C30}"
EndProject
Project("{9A19103F-16F7-4668-BE54-9A1E7A4F7556}") = "R5T.Egaleo.Standard", "..\..\R5T.Egaleo.Standard\source\R5T.Egaleo.Standard\R5T.Egaleo.Standard.csproj", "{D4C9B8C5-3E1E-4A29-962D-2766FFC3FA48}"
EndProject
Project("{9A19103F-16F7-4668-BE54-9A1E7A4F7556}") = "R5T.Egaleo.Default", "..\..\R5T.Egaleo.Default\source\R5T.Egaleo.Default\R5T.Egaleo.Default.csproj", "{05E617FE-1A6D-4955-9E7E-37093F578FF9}"
EndProject
Project("{9A19103F-16F7-4668-BE54-9A1E7A4F7556}") = "R5T.Lombardy", "..\..\R5T.Lombardy\source\R5T.Lombardy\R5T.Lombardy.csproj", "{E8A0B732-489E-4CE8-A478-C4D27E1FD1D6}"
EndProject
Project("{9A19103F-16F7-4668-BE54-9A1E7A4F7556}") = "R5T.Cherusci", "..\..\R5T.Cherusci\source\R5T.Cherusci\R5T.Cherusci.csproj", "{F52A27E8-0105-4A2F-AB1C-08039C66DC7B}"
EndProject
Project("{9A19103F-16F7-4668-BE54-9A1E7A4F7556}") = "R5T.Magyar", "..\..\R5T.Magyar\source\R5T.Magyar\R5T.Magyar.csproj", "{6C65CA2C-886E-43A4-86C5-665CC2D3A380}"
EndProject
Project("{9A19103F-16F7-4668-BE54-9A1E7A4F7556}") = "R5T.Rugia", "..\..\R5T.Rugia\source\R5T.Rugia\R5T.Rugia.csproj", "{C3780E65-CDB7-49DD-97AE-DD56DE9C976C}"
EndProject
Project("{9A19103F-16F7-4668-BE54-9A1E7A4F7556}") = "R5T.Rugia.Base", "..\..\R5T.Rugia.Base\source\R5T.Rugia.Base\R5T.Rugia.Base.csproj", "{4223FFAB-F978-40FA-872D-D54A68D9A2FC}"
EndProject
Project("{9A19103F-16F7-4668-BE54-9A1E7A4F7556}") = "R5T.Maoursi.Dropbox", "..\..\R5T.Maoursi.Dropbox\source\R5T.Maoursi.Dropbox\R5T.Maoursi.Dropbox.csproj", "{F6B582C4-3773-4601-A4EF-C22B3D3227C5}"
EndProject
Project("{9A19103F-16F7-4668-BE54-9A1E7A4F7556}") = "R5T.Bulgaria.UserProfileDirectory", "..\..\R5T.Bulgaria.UserProfileDirectory\source\R5T.Bulgaria.UserProfileDirectory\R5T.Bulgaria.UserProfileDirectory.csproj", "{6F49F189-222E-4812-991C-F5E112D4EF94}"
EndProject
Project("{9A19103F-16F7-4668-BE54-9A1E7A4F7556}") = "R5T.Bulgaria.Visigothia", "..\..\R5T.Bulgaria.Visigothia\source\R5T.Bulgaria.Visigothia\R5T.Bulgaria.Visigothia.csproj", "{1535CFFA-E042-48F4-B07C-E75C5089BF91}"
EndProject
Project("{9A19103F-16F7-4668-BE54-9A1E7A4F7556}") = "R5T.Bulgaria.Base", "..\..\R5T.Bulgaria.Base\source\R5T.Bulgaria.Base\R5T.Bulgaria.Base.csproj", "{966B72BE-96F4-4E44-9107-B564ED40E33F}"
EndProject
Project("{9A19103F-16F7-4668-BE54-9A1E7A4F7556}") = "R5T.Peristeria.Base", "..\..\R5T.Peristeria.Base\source\R5T.Peristeria.Base\R5T.Peristeria.Base.csproj", "{74B9E052-D108-4873-BD41-FE1E1ADDB831}"
EndProject
Project("{9A19103F-16F7-4668-BE54-9A1E7A4F7556}") = "R5T.Visigothia.Base", "..\..\R5T.Visigothia.Base\source\R5T.Visigothia.Base\R5T.Visigothia.Base.csproj", "{C6DD4360-876A-4A2D-BB61-B938687ECBF9}"
EndProject
Project("{9A19103F-16F7-4668-BE54-9A1E7A4F7556}") = "R5T.Peristeria.Standard", "..\..\R5T.Peristeria.Standard\source\R5T.Peristeria.Standard\R5T.Peristeria.Standard.csproj", "{E16A90D0-AEA0-420A-9AA9-B5FC8100B69B}"
EndProject
Project("{9A19103F-16F7-4668-BE54-9A1E7A4F7556}") = "R5T.Peristeria.Default", "..\..\R5T.Peristeria.Default\source\R5T.Peristeria.Default\R5T.Peristeria.Default.csproj", "{EE351F84-30EB-4CA2-A441-7D8256C15DF1}"
EndProject
Project("{9A19103F-16F7-4668-BE54-9A1E7A4F7556}") = "R5T.Visigothia.Standard", "..\..\R5T.Visigothia.Standard\source\R5T.Visigothia.Standard\R5T.Visigothia.Standard.csproj", "{4247F83E-FC33-493B-83AD-A6FB04E13BB0}"
EndProject
Project("{9A19103F-16F7-4668-BE54-9A1E7A4F7556}") = "R5T.Visigothia.Local.Standard", "..\..\R5T.Visigothia.Local.Standard\source\R5T.Visigothia.Local.Standard\R5T.Visigothia.Local.Standard.csproj", "{53F31D99-111B-4C6C-970F-48A6512EA638}"
EndProject
Project("{9A19103F-16F7-4668-BE54-9A1E7A4F7556}") = "R5T.Visigothia.Local.Default", "..\..\R5T.Visigothia.Local.Default\source\R5T.Visigothia.Local.Default\R5T.Visigothia.Local.Default.csproj", "{9F49FC37-7127-452D-A85C-0173CDBD6D46}"
EndProject
Project("{9A19103F-16F7-4668-BE54-9A1E7A4F7556}") = "R5T.Kalamaria.Standard", "..\..\R5T.Kalamaria.Standard\source\R5T.Kalamaria.Standard\R5T.Kalamaria.Standard.csproj", "{55B7A436-7678-4957-A58E-211C1F9B3850}"
EndProject
Project("{9A19103F-16F7-4668-BE54-9A1E7A4F7556}") = "R5T.Kalamaria.Default", "..\..\R5T.Kalamaria.Default\source\R5T.Kalamaria.Default\R5T.Kalamaria.Default.csproj", "{687C996A-8821-4252-A06B-AD4ED9043439}"
EndProject
Project("{9A19103F-16F7-4668-BE54-9A1E7A4F7556}") = "R5T.Kalamaria.Base", "..\..\R5T.Kalamaria.Base\source\R5T.Kalamaria.Base\R5T.Kalamaria.Base.csproj", "{CB3DF3C4-AB30-4DC5-95BD-8B46DC392FF0}"
EndProject
Project("{9A19103F-16F7-4668-BE54-9A1E7A4F7556}") = "R5T.Maoursi.Bulgaria", "..\..\R5T.Maoursi.Bulgaria\source\R5T.Maoursi.Bulgaria\R5T.Maoursi.Bulgaria.csproj", "{451F7899-6E6F-414B-BB04-549C191A6E90}"
EndProject
Project("{9A19103F-16F7-4668-BE54-9A1E7A4F7556}") = "R5T.Oxford.Rivet.Standard", "..\..\R5T.Oxford.Rivet.Standard\source\R5T.Oxford.Rivet.Standard\R5T.Oxford.Rivet.Standard.csproj", "{6DD14E5C-FB66-40AC-848D-A3A20C1AC848}"
EndProject
Project("{9A19103F-16F7-4668-BE54-9A1E7A4F7556}") = "R5T.Oxford.Rivet", "..\..\R5T.Oxford.Rivet\source\R5T.Oxford.Rivet\R5T.Oxford.Rivet.csproj", "{B5E9F600-3771-4370-9EE1-35322D500644}"
EndProject
Project("{9A19103F-16F7-4668-BE54-9A1E7A4F7556}") = "R5T.Ostrogothia.Rivet", "..\..\R5T.Ostrogothia.Rivet\source\R5T.Ostrogothia.Rivet\R5T.Ostrogothia.Rivet.csproj", "{01EA7328-9881-4626-8843-EF6A8016E5AA}"
EndProject
Project("{9A19103F-16F7-4668-BE54-9A1E7A4F7556}") = "R5T.Findhorn.Dimitrios", "..\..\R5T.Findhorn.Dimitrios\source\R5T.Findhorn.Dimitrios\R5T.Findhorn.Dimitrios.csproj", "{5DC30D1B-5862-4FBD-A373-03773FA2767A}"
EndProject
Project("{9A19103F-16F7-4668-BE54-9A1E7A4F7556}") = "R5T.Findhorn.Base", "..\..\R5T.Findhorn.Base\source\R5T.Findhorn.Base\R5T.Findhorn.Base.csproj", "{3932832D-EFE7-49F0-9CC6-6BEFA1D2F88C}"
EndProject
Project("{9A19103F-16F7-4668-BE54-9A1E7A4F7556}") = "R5T.Glenrothes.Findhorn", "..\..\R5T.Glenrothes.Findhorn\source\R5T.Glenrothes.Findhorn\R5T.Glenrothes.Findhorn.csproj", "{A2BE2828-7EED-4E39-8919-920E1C97F945}"
EndProject
Project("{9A19103F-16F7-4668-BE54-9A1E7A4F7556}") = "R5T.Zografou.Base", "..\..\R5T.Zografou.Base\source\R5T.Zografou.Base\R5T.Zografou.Base.csproj", "{B079E063-3418-47BF-AD63-F7C3A4EF9525}"
EndProject
Project("{9A19103F-16F7-4668-BE54-9A1E7A4F7556}") = "R5T.Zografou.Standard", "..\..\R5T.Zografou.Standard\source\R5T.Zografou.Standard\R5T.Zografou.Standard.csproj", "{4033B569-1710-477C-BCD6-9B3FEEF5D4DE}"
EndProject
Project("{9A19103F-16F7-4668-BE54-9A1E7A4F7556}") = "R5T.Zografou.Default", "..\..\R5T.Zografou.Default\source\R5T.Zografou.Default\R5T.Zografou.Default.csproj", "{911C0AD1-85FA-4489-A9DB-501C8FF49ECF}"
EndProject
Project("{9A19103F-16F7-4668-BE54-9A1E7A4F7556}") = "R5T.Ilioupoli.Default", "..\..\R5T.Ilioupoli.Default\source\R5T.Ilioupoli.Default\R5T.Ilioupoli.Default.csproj", "{3803E45F-76C2-4186-B290-6E54CC05BAA6}"
EndProject
Global
	GlobalSection(SolutionConfigurationPlatforms) = preSolution
		Debug|Any CPU = Debug|Any CPU
		Debug|x64 = Debug|x64
		Debug|x86 = Debug|x86
		Release|Any CPU = Release|Any CPU
		Release|x64 = Release|x64
		Release|x86 = Release|x86
	EndGlobalSection
	GlobalSection(ProjectConfigurationPlatforms) = postSolution
		{3135441D-0B56-4971-AD24-7A2C73F636BB}.Debug|Any CPU.ActiveCfg = Debug|Any CPU
		{3135441D-0B56-4971-AD24-7A2C73F636BB}.Debug|Any CPU.Build.0 = Debug|Any CPU
		{3135441D-0B56-4971-AD24-7A2C73F636BB}.Debug|x64.ActiveCfg = Debug|Any CPU
		{3135441D-0B56-4971-AD24-7A2C73F636BB}.Debug|x64.Build.0 = Debug|Any CPU
		{3135441D-0B56-4971-AD24-7A2C73F636BB}.Debug|x86.ActiveCfg = Debug|Any CPU
		{3135441D-0B56-4971-AD24-7A2C73F636BB}.Debug|x86.Build.0 = Debug|Any CPU
		{3135441D-0B56-4971-AD24-7A2C73F636BB}.Release|Any CPU.ActiveCfg = Release|Any CPU
		{3135441D-0B56-4971-AD24-7A2C73F636BB}.Release|Any CPU.Build.0 = Release|Any CPU
		{3135441D-0B56-4971-AD24-7A2C73F636BB}.Release|x64.ActiveCfg = Release|Any CPU
		{3135441D-0B56-4971-AD24-7A2C73F636BB}.Release|x64.Build.0 = Release|Any CPU
		{3135441D-0B56-4971-AD24-7A2C73F636BB}.Release|x86.ActiveCfg = Release|Any CPU
		{3135441D-0B56-4971-AD24-7A2C73F636BB}.Release|x86.Build.0 = Release|Any CPU
		{CC546245-C1CE-4FE5-B41A-B01B02FC1BC3}.Debug|Any CPU.ActiveCfg = Debug|Any CPU
		{CC546245-C1CE-4FE5-B41A-B01B02FC1BC3}.Debug|Any CPU.Build.0 = Debug|Any CPU
		{CC546245-C1CE-4FE5-B41A-B01B02FC1BC3}.Debug|x64.ActiveCfg = Debug|Any CPU
		{CC546245-C1CE-4FE5-B41A-B01B02FC1BC3}.Debug|x64.Build.0 = Debug|Any CPU
		{CC546245-C1CE-4FE5-B41A-B01B02FC1BC3}.Debug|x86.ActiveCfg = Debug|Any CPU
		{CC546245-C1CE-4FE5-B41A-B01B02FC1BC3}.Debug|x86.Build.0 = Debug|Any CPU
		{CC546245-C1CE-4FE5-B41A-B01B02FC1BC3}.Release|Any CPU.ActiveCfg = Release|Any CPU
		{CC546245-C1CE-4FE5-B41A-B01B02FC1BC3}.Release|Any CPU.Build.0 = Release|Any CPU
		{CC546245-C1CE-4FE5-B41A-B01B02FC1BC3}.Release|x64.ActiveCfg = Release|Any CPU
		{CC546245-C1CE-4FE5-B41A-B01B02FC1BC3}.Release|x64.Build.0 = Release|Any CPU
		{CC546245-C1CE-4FE5-B41A-B01B02FC1BC3}.Release|x86.ActiveCfg = Release|Any CPU
		{CC546245-C1CE-4FE5-B41A-B01B02FC1BC3}.Release|x86.Build.0 = Release|Any CPU
		{E6B96379-1E22-474C-A7DB-77A9ED5CE233}.Debug|Any CPU.ActiveCfg = Debug|Any CPU
		{E6B96379-1E22-474C-A7DB-77A9ED5CE233}.Debug|Any CPU.Build.0 = Debug|Any CPU
		{E6B96379-1E22-474C-A7DB-77A9ED5CE233}.Debug|x64.ActiveCfg = Debug|Any CPU
		{E6B96379-1E22-474C-A7DB-77A9ED5CE233}.Debug|x64.Build.0 = Debug|Any CPU
		{E6B96379-1E22-474C-A7DB-77A9ED5CE233}.Debug|x86.ActiveCfg = Debug|Any CPU
		{E6B96379-1E22-474C-A7DB-77A9ED5CE233}.Debug|x86.Build.0 = Debug|Any CPU
		{E6B96379-1E22-474C-A7DB-77A9ED5CE233}.Release|Any CPU.ActiveCfg = Release|Any CPU
		{E6B96379-1E22-474C-A7DB-77A9ED5CE233}.Release|Any CPU.Build.0 = Release|Any CPU
		{E6B96379-1E22-474C-A7DB-77A9ED5CE233}.Release|x64.ActiveCfg = Release|Any CPU
		{E6B96379-1E22-474C-A7DB-77A9ED5CE233}.Release|x64.Build.0 = Release|Any CPU
		{E6B96379-1E22-474C-A7DB-77A9ED5CE233}.Release|x86.ActiveCfg = Release|Any CPU
		{E6B96379-1E22-474C-A7DB-77A9ED5CE233}.Release|x86.Build.0 = Release|Any CPU
		{06C1A16D-CB8E-4099-8ACE-041E6C6ACDA0}.Debug|Any CPU.ActiveCfg = Debug|Any CPU
		{06C1A16D-CB8E-4099-8ACE-041E6C6ACDA0}.Debug|Any CPU.Build.0 = Debug|Any CPU
		{06C1A16D-CB8E-4099-8ACE-041E6C6ACDA0}.Debug|x64.ActiveCfg = Debug|Any CPU
		{06C1A16D-CB8E-4099-8ACE-041E6C6ACDA0}.Debug|x64.Build.0 = Debug|Any CPU
		{06C1A16D-CB8E-4099-8ACE-041E6C6ACDA0}.Debug|x86.ActiveCfg = Debug|Any CPU
		{06C1A16D-CB8E-4099-8ACE-041E6C6ACDA0}.Debug|x86.Build.0 = Debug|Any CPU
		{06C1A16D-CB8E-4099-8ACE-041E6C6ACDA0}.Release|Any CPU.ActiveCfg = Release|Any CPU
		{06C1A16D-CB8E-4099-8ACE-041E6C6ACDA0}.Release|Any CPU.Build.0 = Release|Any CPU
		{06C1A16D-CB8E-4099-8ACE-041E6C6ACDA0}.Release|x64.ActiveCfg = Release|Any CPU
		{06C1A16D-CB8E-4099-8ACE-041E6C6ACDA0}.Release|x64.Build.0 = Release|Any CPU
		{06C1A16D-CB8E-4099-8ACE-041E6C6ACDA0}.Release|x86.ActiveCfg = Release|Any CPU
		{06C1A16D-CB8E-4099-8ACE-041E6C6ACDA0}.Release|x86.Build.0 = Release|Any CPU
		{7B94FA43-BFF7-4660-9121-70653D973188}.Debug|Any CPU.ActiveCfg = Debug|Any CPU
		{7B94FA43-BFF7-4660-9121-70653D973188}.Debug|Any CPU.Build.0 = Debug|Any CPU
		{7B94FA43-BFF7-4660-9121-70653D973188}.Debug|x64.ActiveCfg = Debug|Any CPU
		{7B94FA43-BFF7-4660-9121-70653D973188}.Debug|x64.Build.0 = Debug|Any CPU
		{7B94FA43-BFF7-4660-9121-70653D973188}.Debug|x86.ActiveCfg = Debug|Any CPU
		{7B94FA43-BFF7-4660-9121-70653D973188}.Debug|x86.Build.0 = Debug|Any CPU
		{7B94FA43-BFF7-4660-9121-70653D973188}.Release|Any CPU.ActiveCfg = Release|Any CPU
		{7B94FA43-BFF7-4660-9121-70653D973188}.Release|Any CPU.Build.0 = Release|Any CPU
		{7B94FA43-BFF7-4660-9121-70653D973188}.Release|x64.ActiveCfg = Release|Any CPU
		{7B94FA43-BFF7-4660-9121-70653D973188}.Release|x64.Build.0 = Release|Any CPU
		{7B94FA43-BFF7-4660-9121-70653D973188}.Release|x86.ActiveCfg = Release|Any CPU
		{7B94FA43-BFF7-4660-9121-70653D973188}.Release|x86.Build.0 = Release|Any CPU
		{FD9DEFA5-1759-4E91-84A1-D12E7AF20651}.Debug|Any CPU.ActiveCfg = Debug|Any CPU
		{FD9DEFA5-1759-4E91-84A1-D12E7AF20651}.Debug|Any CPU.Build.0 = Debug|Any CPU
		{FD9DEFA5-1759-4E91-84A1-D12E7AF20651}.Debug|x64.ActiveCfg = Debug|Any CPU
		{FD9DEFA5-1759-4E91-84A1-D12E7AF20651}.Debug|x64.Build.0 = Debug|Any CPU
		{FD9DEFA5-1759-4E91-84A1-D12E7AF20651}.Debug|x86.ActiveCfg = Debug|Any CPU
		{FD9DEFA5-1759-4E91-84A1-D12E7AF20651}.Debug|x86.Build.0 = Debug|Any CPU
		{FD9DEFA5-1759-4E91-84A1-D12E7AF20651}.Release|Any CPU.ActiveCfg = Release|Any CPU
		{FD9DEFA5-1759-4E91-84A1-D12E7AF20651}.Release|Any CPU.Build.0 = Release|Any CPU
		{FD9DEFA5-1759-4E91-84A1-D12E7AF20651}.Release|x64.ActiveCfg = Release|Any CPU
		{FD9DEFA5-1759-4E91-84A1-D12E7AF20651}.Release|x64.Build.0 = Release|Any CPU
		{FD9DEFA5-1759-4E91-84A1-D12E7AF20651}.Release|x86.ActiveCfg = Release|Any CPU
		{FD9DEFA5-1759-4E91-84A1-D12E7AF20651}.Release|x86.Build.0 = Release|Any CPU
		{3BCA3DC8-2285-4CBE-9F68-34357A07D0D2}.Debug|Any CPU.ActiveCfg = Debug|Any CPU
		{3BCA3DC8-2285-4CBE-9F68-34357A07D0D2}.Debug|Any CPU.Build.0 = Debug|Any CPU
		{3BCA3DC8-2285-4CBE-9F68-34357A07D0D2}.Debug|x64.ActiveCfg = Debug|Any CPU
		{3BCA3DC8-2285-4CBE-9F68-34357A07D0D2}.Debug|x64.Build.0 = Debug|Any CPU
		{3BCA3DC8-2285-4CBE-9F68-34357A07D0D2}.Debug|x86.ActiveCfg = Debug|Any CPU
		{3BCA3DC8-2285-4CBE-9F68-34357A07D0D2}.Debug|x86.Build.0 = Debug|Any CPU
		{3BCA3DC8-2285-4CBE-9F68-34357A07D0D2}.Release|Any CPU.ActiveCfg = Release|Any CPU
		{3BCA3DC8-2285-4CBE-9F68-34357A07D0D2}.Release|Any CPU.Build.0 = Release|Any CPU
		{3BCA3DC8-2285-4CBE-9F68-34357A07D0D2}.Release|x64.ActiveCfg = Release|Any CPU
		{3BCA3DC8-2285-4CBE-9F68-34357A07D0D2}.Release|x64.Build.0 = Release|Any CPU
		{3BCA3DC8-2285-4CBE-9F68-34357A07D0D2}.Release|x86.ActiveCfg = Release|Any CPU
		{3BCA3DC8-2285-4CBE-9F68-34357A07D0D2}.Release|x86.Build.0 = Release|Any CPU
		{2E03F1B2-E924-4BDC-B619-3ADE6AB9C27E}.Debug|Any CPU.ActiveCfg = Debug|Any CPU
		{2E03F1B2-E924-4BDC-B619-3ADE6AB9C27E}.Debug|Any CPU.Build.0 = Debug|Any CPU
		{2E03F1B2-E924-4BDC-B619-3ADE6AB9C27E}.Debug|x64.ActiveCfg = Debug|Any CPU
		{2E03F1B2-E924-4BDC-B619-3ADE6AB9C27E}.Debug|x64.Build.0 = Debug|Any CPU
		{2E03F1B2-E924-4BDC-B619-3ADE6AB9C27E}.Debug|x86.ActiveCfg = Debug|Any CPU
		{2E03F1B2-E924-4BDC-B619-3ADE6AB9C27E}.Debug|x86.Build.0 = Debug|Any CPU
		{2E03F1B2-E924-4BDC-B619-3ADE6AB9C27E}.Release|Any CPU.ActiveCfg = Release|Any CPU
		{2E03F1B2-E924-4BDC-B619-3ADE6AB9C27E}.Release|Any CPU.Build.0 = Release|Any CPU
		{2E03F1B2-E924-4BDC-B619-3ADE6AB9C27E}.Release|x64.ActiveCfg = Release|Any CPU
		{2E03F1B2-E924-4BDC-B619-3ADE6AB9C27E}.Release|x64.Build.0 = Release|Any CPU
		{2E03F1B2-E924-4BDC-B619-3ADE6AB9C27E}.Release|x86.ActiveCfg = Release|Any CPU
		{2E03F1B2-E924-4BDC-B619-3ADE6AB9C27E}.Release|x86.Build.0 = Release|Any CPU
		{16E70B06-DE5B-453A-917F-55EFCFCFB492}.Debug|Any CPU.ActiveCfg = Debug|Any CPU
		{16E70B06-DE5B-453A-917F-55EFCFCFB492}.Debug|Any CPU.Build.0 = Debug|Any CPU
		{16E70B06-DE5B-453A-917F-55EFCFCFB492}.Debug|x64.ActiveCfg = Debug|Any CPU
		{16E70B06-DE5B-453A-917F-55EFCFCFB492}.Debug|x64.Build.0 = Debug|Any CPU
		{16E70B06-DE5B-453A-917F-55EFCFCFB492}.Debug|x86.ActiveCfg = Debug|Any CPU
		{16E70B06-DE5B-453A-917F-55EFCFCFB492}.Debug|x86.Build.0 = Debug|Any CPU
		{16E70B06-DE5B-453A-917F-55EFCFCFB492}.Release|Any CPU.ActiveCfg = Release|Any CPU
		{16E70B06-DE5B-453A-917F-55EFCFCFB492}.Release|Any CPU.Build.0 = Release|Any CPU
		{16E70B06-DE5B-453A-917F-55EFCFCFB492}.Release|x64.ActiveCfg = Release|Any CPU
		{16E70B06-DE5B-453A-917F-55EFCFCFB492}.Release|x64.Build.0 = Release|Any CPU
		{16E70B06-DE5B-453A-917F-55EFCFCFB492}.Release|x86.ActiveCfg = Release|Any CPU
		{16E70B06-DE5B-453A-917F-55EFCFCFB492}.Release|x86.Build.0 = Release|Any CPU
		{AEDAD6A6-C163-4695-B40A-101FA4671AAA}.Debug|Any CPU.ActiveCfg = Debug|Any CPU
		{AEDAD6A6-C163-4695-B40A-101FA4671AAA}.Debug|Any CPU.Build.0 = Debug|Any CPU
		{AEDAD6A6-C163-4695-B40A-101FA4671AAA}.Debug|x64.ActiveCfg = Debug|Any CPU
		{AEDAD6A6-C163-4695-B40A-101FA4671AAA}.Debug|x64.Build.0 = Debug|Any CPU
		{AEDAD6A6-C163-4695-B40A-101FA4671AAA}.Debug|x86.ActiveCfg = Debug|Any CPU
		{AEDAD6A6-C163-4695-B40A-101FA4671AAA}.Debug|x86.Build.0 = Debug|Any CPU
		{AEDAD6A6-C163-4695-B40A-101FA4671AAA}.Release|Any CPU.ActiveCfg = Release|Any CPU
		{AEDAD6A6-C163-4695-B40A-101FA4671AAA}.Release|Any CPU.Build.0 = Release|Any CPU
		{AEDAD6A6-C163-4695-B40A-101FA4671AAA}.Release|x64.ActiveCfg = Release|Any CPU
		{AEDAD6A6-C163-4695-B40A-101FA4671AAA}.Release|x64.Build.0 = Release|Any CPU
		{AEDAD6A6-C163-4695-B40A-101FA4671AAA}.Release|x86.ActiveCfg = Release|Any CPU
		{AEDAD6A6-C163-4695-B40A-101FA4671AAA}.Release|x86.Build.0 = Release|Any CPU
		{34F0B3AA-3ADB-4288-BC3E-89D41D279B5B}.Debug|Any CPU.ActiveCfg = Debug|Any CPU
		{34F0B3AA-3ADB-4288-BC3E-89D41D279B5B}.Debug|Any CPU.Build.0 = Debug|Any CPU
		{34F0B3AA-3ADB-4288-BC3E-89D41D279B5B}.Debug|x64.ActiveCfg = Debug|Any CPU
		{34F0B3AA-3ADB-4288-BC3E-89D41D279B5B}.Debug|x64.Build.0 = Debug|Any CPU
		{34F0B3AA-3ADB-4288-BC3E-89D41D279B5B}.Debug|x86.ActiveCfg = Debug|Any CPU
		{34F0B3AA-3ADB-4288-BC3E-89D41D279B5B}.Debug|x86.Build.0 = Debug|Any CPU
		{34F0B3AA-3ADB-4288-BC3E-89D41D279B5B}.Release|Any CPU.ActiveCfg = Release|Any CPU
		{34F0B3AA-3ADB-4288-BC3E-89D41D279B5B}.Release|Any CPU.Build.0 = Release|Any CPU
		{34F0B3AA-3ADB-4288-BC3E-89D41D279B5B}.Release|x64.ActiveCfg = Release|Any CPU
		{34F0B3AA-3ADB-4288-BC3E-89D41D279B5B}.Release|x64.Build.0 = Release|Any CPU
		{34F0B3AA-3ADB-4288-BC3E-89D41D279B5B}.Release|x86.ActiveCfg = Release|Any CPU
		{34F0B3AA-3ADB-4288-BC3E-89D41D279B5B}.Release|x86.Build.0 = Release|Any CPU
		{E73F6B75-2D3F-4D62-A605-A696523E55CA}.Debug|Any CPU.ActiveCfg = Debug|Any CPU
		{E73F6B75-2D3F-4D62-A605-A696523E55CA}.Debug|Any CPU.Build.0 = Debug|Any CPU
		{E73F6B75-2D3F-4D62-A605-A696523E55CA}.Debug|x64.ActiveCfg = Debug|Any CPU
		{E73F6B75-2D3F-4D62-A605-A696523E55CA}.Debug|x64.Build.0 = Debug|Any CPU
		{E73F6B75-2D3F-4D62-A605-A696523E55CA}.Debug|x86.ActiveCfg = Debug|Any CPU
		{E73F6B75-2D3F-4D62-A605-A696523E55CA}.Debug|x86.Build.0 = Debug|Any CPU
		{E73F6B75-2D3F-4D62-A605-A696523E55CA}.Release|Any CPU.ActiveCfg = Release|Any CPU
		{E73F6B75-2D3F-4D62-A605-A696523E55CA}.Release|Any CPU.Build.0 = Release|Any CPU
		{E73F6B75-2D3F-4D62-A605-A696523E55CA}.Release|x64.ActiveCfg = Release|Any CPU
		{E73F6B75-2D3F-4D62-A605-A696523E55CA}.Release|x64.Build.0 = Release|Any CPU
		{E73F6B75-2D3F-4D62-A605-A696523E55CA}.Release|x86.ActiveCfg = Release|Any CPU
		{E73F6B75-2D3F-4D62-A605-A696523E55CA}.Release|x86.Build.0 = Release|Any CPU
		{1963E3F6-37C1-49FA-B2EE-6112DCD83CF0}.Debug|Any CPU.ActiveCfg = Debug|Any CPU
		{1963E3F6-37C1-49FA-B2EE-6112DCD83CF0}.Debug|Any CPU.Build.0 = Debug|Any CPU
		{1963E3F6-37C1-49FA-B2EE-6112DCD83CF0}.Debug|x64.ActiveCfg = Debug|Any CPU
		{1963E3F6-37C1-49FA-B2EE-6112DCD83CF0}.Debug|x64.Build.0 = Debug|Any CPU
		{1963E3F6-37C1-49FA-B2EE-6112DCD83CF0}.Debug|x86.ActiveCfg = Debug|Any CPU
		{1963E3F6-37C1-49FA-B2EE-6112DCD83CF0}.Debug|x86.Build.0 = Debug|Any CPU
		{1963E3F6-37C1-49FA-B2EE-6112DCD83CF0}.Release|Any CPU.ActiveCfg = Release|Any CPU
		{1963E3F6-37C1-49FA-B2EE-6112DCD83CF0}.Release|Any CPU.Build.0 = Release|Any CPU
		{1963E3F6-37C1-49FA-B2EE-6112DCD83CF0}.Release|x64.ActiveCfg = Release|Any CPU
		{1963E3F6-37C1-49FA-B2EE-6112DCD83CF0}.Release|x64.Build.0 = Release|Any CPU
		{1963E3F6-37C1-49FA-B2EE-6112DCD83CF0}.Release|x86.ActiveCfg = Release|Any CPU
		{1963E3F6-37C1-49FA-B2EE-6112DCD83CF0}.Release|x86.Build.0 = Release|Any CPU
		{BF440824-944D-47EB-966F-5667F006B104}.Debug|Any CPU.ActiveCfg = Debug|Any CPU
		{BF440824-944D-47EB-966F-5667F006B104}.Debug|Any CPU.Build.0 = Debug|Any CPU
		{BF440824-944D-47EB-966F-5667F006B104}.Debug|x64.ActiveCfg = Debug|Any CPU
		{BF440824-944D-47EB-966F-5667F006B104}.Debug|x64.Build.0 = Debug|Any CPU
		{BF440824-944D-47EB-966F-5667F006B104}.Debug|x86.ActiveCfg = Debug|Any CPU
		{BF440824-944D-47EB-966F-5667F006B104}.Debug|x86.Build.0 = Debug|Any CPU
		{BF440824-944D-47EB-966F-5667F006B104}.Release|Any CPU.ActiveCfg = Release|Any CPU
		{BF440824-944D-47EB-966F-5667F006B104}.Release|Any CPU.Build.0 = Release|Any CPU
		{BF440824-944D-47EB-966F-5667F006B104}.Release|x64.ActiveCfg = Release|Any CPU
		{BF440824-944D-47EB-966F-5667F006B104}.Release|x64.Build.0 = Release|Any CPU
		{BF440824-944D-47EB-966F-5667F006B104}.Release|x86.ActiveCfg = Release|Any CPU
		{BF440824-944D-47EB-966F-5667F006B104}.Release|x86.Build.0 = Release|Any CPU
		{6B3E43BB-F6B2-4DA9-A7A5-34E7D998E143}.Debug|Any CPU.ActiveCfg = Debug|Any CPU
		{6B3E43BB-F6B2-4DA9-A7A5-34E7D998E143}.Debug|Any CPU.Build.0 = Debug|Any CPU
		{6B3E43BB-F6B2-4DA9-A7A5-34E7D998E143}.Debug|x64.ActiveCfg = Debug|Any CPU
		{6B3E43BB-F6B2-4DA9-A7A5-34E7D998E143}.Debug|x64.Build.0 = Debug|Any CPU
		{6B3E43BB-F6B2-4DA9-A7A5-34E7D998E143}.Debug|x86.ActiveCfg = Debug|Any CPU
		{6B3E43BB-F6B2-4DA9-A7A5-34E7D998E143}.Debug|x86.Build.0 = Debug|Any CPU
		{6B3E43BB-F6B2-4DA9-A7A5-34E7D998E143}.Release|Any CPU.ActiveCfg = Release|Any CPU
		{6B3E43BB-F6B2-4DA9-A7A5-34E7D998E143}.Release|Any CPU.Build.0 = Release|Any CPU
		{6B3E43BB-F6B2-4DA9-A7A5-34E7D998E143}.Release|x64.ActiveCfg = Release|Any CPU
		{6B3E43BB-F6B2-4DA9-A7A5-34E7D998E143}.Release|x64.Build.0 = Release|Any CPU
		{6B3E43BB-F6B2-4DA9-A7A5-34E7D998E143}.Release|x86.ActiveCfg = Release|Any CPU
		{6B3E43BB-F6B2-4DA9-A7A5-34E7D998E143}.Release|x86.Build.0 = Release|Any CPU
		{224BFDA0-BC60-4A22-8F2F-5DFD22EDD5B8}.Debug|Any CPU.ActiveCfg = Debug|Any CPU
		{224BFDA0-BC60-4A22-8F2F-5DFD22EDD5B8}.Debug|Any CPU.Build.0 = Debug|Any CPU
		{224BFDA0-BC60-4A22-8F2F-5DFD22EDD5B8}.Debug|x64.ActiveCfg = Debug|Any CPU
		{224BFDA0-BC60-4A22-8F2F-5DFD22EDD5B8}.Debug|x64.Build.0 = Debug|Any CPU
		{224BFDA0-BC60-4A22-8F2F-5DFD22EDD5B8}.Debug|x86.ActiveCfg = Debug|Any CPU
		{224BFDA0-BC60-4A22-8F2F-5DFD22EDD5B8}.Debug|x86.Build.0 = Debug|Any CPU
		{224BFDA0-BC60-4A22-8F2F-5DFD22EDD5B8}.Release|Any CPU.ActiveCfg = Release|Any CPU
		{224BFDA0-BC60-4A22-8F2F-5DFD22EDD5B8}.Release|Any CPU.Build.0 = Release|Any CPU
		{224BFDA0-BC60-4A22-8F2F-5DFD22EDD5B8}.Release|x64.ActiveCfg = Release|Any CPU
		{224BFDA0-BC60-4A22-8F2F-5DFD22EDD5B8}.Release|x64.Build.0 = Release|Any CPU
		{224BFDA0-BC60-4A22-8F2F-5DFD22EDD5B8}.Release|x86.ActiveCfg = Release|Any CPU
		{224BFDA0-BC60-4A22-8F2F-5DFD22EDD5B8}.Release|x86.Build.0 = Release|Any CPU
		{7C1875FD-C7E1-459C-BACC-3BE2BD9C2150}.Debug|Any CPU.ActiveCfg = Debug|Any CPU
		{7C1875FD-C7E1-459C-BACC-3BE2BD9C2150}.Debug|Any CPU.Build.0 = Debug|Any CPU
		{7C1875FD-C7E1-459C-BACC-3BE2BD9C2150}.Debug|x64.ActiveCfg = Debug|Any CPU
		{7C1875FD-C7E1-459C-BACC-3BE2BD9C2150}.Debug|x64.Build.0 = Debug|Any CPU
		{7C1875FD-C7E1-459C-BACC-3BE2BD9C2150}.Debug|x86.ActiveCfg = Debug|Any CPU
		{7C1875FD-C7E1-459C-BACC-3BE2BD9C2150}.Debug|x86.Build.0 = Debug|Any CPU
		{7C1875FD-C7E1-459C-BACC-3BE2BD9C2150}.Release|Any CPU.ActiveCfg = Release|Any CPU
		{7C1875FD-C7E1-459C-BACC-3BE2BD9C2150}.Release|Any CPU.Build.0 = Release|Any CPU
		{7C1875FD-C7E1-459C-BACC-3BE2BD9C2150}.Release|x64.ActiveCfg = Release|Any CPU
		{7C1875FD-C7E1-459C-BACC-3BE2BD9C2150}.Release|x64.Build.0 = Release|Any CPU
		{7C1875FD-C7E1-459C-BACC-3BE2BD9C2150}.Release|x86.ActiveCfg = Release|Any CPU
		{7C1875FD-C7E1-459C-BACC-3BE2BD9C2150}.Release|x86.Build.0 = Release|Any CPU
		{DB7CC44A-4733-45B4-8440-E6FB2D932D6E}.Debug|Any CPU.ActiveCfg = Debug|Any CPU
		{DB7CC44A-4733-45B4-8440-E6FB2D932D6E}.Debug|Any CPU.Build.0 = Debug|Any CPU
		{DB7CC44A-4733-45B4-8440-E6FB2D932D6E}.Debug|x64.ActiveCfg = Debug|Any CPU
		{DB7CC44A-4733-45B4-8440-E6FB2D932D6E}.Debug|x64.Build.0 = Debug|Any CPU
		{DB7CC44A-4733-45B4-8440-E6FB2D932D6E}.Debug|x86.ActiveCfg = Debug|Any CPU
		{DB7CC44A-4733-45B4-8440-E6FB2D932D6E}.Debug|x86.Build.0 = Debug|Any CPU
		{DB7CC44A-4733-45B4-8440-E6FB2D932D6E}.Release|Any CPU.ActiveCfg = Release|Any CPU
		{DB7CC44A-4733-45B4-8440-E6FB2D932D6E}.Release|Any CPU.Build.0 = Release|Any CPU
		{DB7CC44A-4733-45B4-8440-E6FB2D932D6E}.Release|x64.ActiveCfg = Release|Any CPU
		{DB7CC44A-4733-45B4-8440-E6FB2D932D6E}.Release|x64.Build.0 = Release|Any CPU
		{DB7CC44A-4733-45B4-8440-E6FB2D932D6E}.Release|x86.ActiveCfg = Release|Any CPU
		{DB7CC44A-4733-45B4-8440-E6FB2D932D6E}.Release|x86.Build.0 = Release|Any CPU
		{40A2F12B-825F-425D-B937-000067C4B2A3}.Debug|Any CPU.ActiveCfg = Debug|Any CPU
		{40A2F12B-825F-425D-B937-000067C4B2A3}.Debug|Any CPU.Build.0 = Debug|Any CPU
		{40A2F12B-825F-425D-B937-000067C4B2A3}.Debug|x64.ActiveCfg = Debug|Any CPU
		{40A2F12B-825F-425D-B937-000067C4B2A3}.Debug|x64.Build.0 = Debug|Any CPU
		{40A2F12B-825F-425D-B937-000067C4B2A3}.Debug|x86.ActiveCfg = Debug|Any CPU
		{40A2F12B-825F-425D-B937-000067C4B2A3}.Debug|x86.Build.0 = Debug|Any CPU
		{40A2F12B-825F-425D-B937-000067C4B2A3}.Release|Any CPU.ActiveCfg = Release|Any CPU
		{40A2F12B-825F-425D-B937-000067C4B2A3}.Release|Any CPU.Build.0 = Release|Any CPU
		{40A2F12B-825F-425D-B937-000067C4B2A3}.Release|x64.ActiveCfg = Release|Any CPU
		{40A2F12B-825F-425D-B937-000067C4B2A3}.Release|x64.Build.0 = Release|Any CPU
		{40A2F12B-825F-425D-B937-000067C4B2A3}.Release|x86.ActiveCfg = Release|Any CPU
		{40A2F12B-825F-425D-B937-000067C4B2A3}.Release|x86.Build.0 = Release|Any CPU
		{32B227E7-3488-4718-AAFB-7FDEDCBF3267}.Debug|Any CPU.ActiveCfg = Debug|Any CPU
		{32B227E7-3488-4718-AAFB-7FDEDCBF3267}.Debug|Any CPU.Build.0 = Debug|Any CPU
		{32B227E7-3488-4718-AAFB-7FDEDCBF3267}.Debug|x64.ActiveCfg = Debug|Any CPU
		{32B227E7-3488-4718-AAFB-7FDEDCBF3267}.Debug|x64.Build.0 = Debug|Any CPU
		{32B227E7-3488-4718-AAFB-7FDEDCBF3267}.Debug|x86.ActiveCfg = Debug|Any CPU
		{32B227E7-3488-4718-AAFB-7FDEDCBF3267}.Debug|x86.Build.0 = Debug|Any CPU
		{32B227E7-3488-4718-AAFB-7FDEDCBF3267}.Release|Any CPU.ActiveCfg = Release|Any CPU
		{32B227E7-3488-4718-AAFB-7FDEDCBF3267}.Release|Any CPU.Build.0 = Release|Any CPU
		{32B227E7-3488-4718-AAFB-7FDEDCBF3267}.Release|x64.ActiveCfg = Release|Any CPU
		{32B227E7-3488-4718-AAFB-7FDEDCBF3267}.Release|x64.Build.0 = Release|Any CPU
		{32B227E7-3488-4718-AAFB-7FDEDCBF3267}.Release|x86.ActiveCfg = Release|Any CPU
		{32B227E7-3488-4718-AAFB-7FDEDCBF3267}.Release|x86.Build.0 = Release|Any CPU
		{3E26656F-9F9E-437F-92C0-413ECB7C9699}.Debug|Any CPU.ActiveCfg = Debug|Any CPU
		{3E26656F-9F9E-437F-92C0-413ECB7C9699}.Debug|Any CPU.Build.0 = Debug|Any CPU
		{3E26656F-9F9E-437F-92C0-413ECB7C9699}.Debug|x64.ActiveCfg = Debug|Any CPU
		{3E26656F-9F9E-437F-92C0-413ECB7C9699}.Debug|x64.Build.0 = Debug|Any CPU
		{3E26656F-9F9E-437F-92C0-413ECB7C9699}.Debug|x86.ActiveCfg = Debug|Any CPU
		{3E26656F-9F9E-437F-92C0-413ECB7C9699}.Debug|x86.Build.0 = Debug|Any CPU
		{3E26656F-9F9E-437F-92C0-413ECB7C9699}.Release|Any CPU.ActiveCfg = Release|Any CPU
		{3E26656F-9F9E-437F-92C0-413ECB7C9699}.Release|Any CPU.Build.0 = Release|Any CPU
		{3E26656F-9F9E-437F-92C0-413ECB7C9699}.Release|x64.ActiveCfg = Release|Any CPU
		{3E26656F-9F9E-437F-92C0-413ECB7C9699}.Release|x64.Build.0 = Release|Any CPU
		{3E26656F-9F9E-437F-92C0-413ECB7C9699}.Release|x86.ActiveCfg = Release|Any CPU
		{3E26656F-9F9E-437F-92C0-413ECB7C9699}.Release|x86.Build.0 = Release|Any CPU
		{5D6B1642-7D80-41D0-B292-5B5330A97EBD}.Debug|Any CPU.ActiveCfg = Debug|Any CPU
		{5D6B1642-7D80-41D0-B292-5B5330A97EBD}.Debug|Any CPU.Build.0 = Debug|Any CPU
		{5D6B1642-7D80-41D0-B292-5B5330A97EBD}.Debug|x64.ActiveCfg = Debug|Any CPU
		{5D6B1642-7D80-41D0-B292-5B5330A97EBD}.Debug|x64.Build.0 = Debug|Any CPU
		{5D6B1642-7D80-41D0-B292-5B5330A97EBD}.Debug|x86.ActiveCfg = Debug|Any CPU
		{5D6B1642-7D80-41D0-B292-5B5330A97EBD}.Debug|x86.Build.0 = Debug|Any CPU
		{5D6B1642-7D80-41D0-B292-5B5330A97EBD}.Release|Any CPU.ActiveCfg = Release|Any CPU
		{5D6B1642-7D80-41D0-B292-5B5330A97EBD}.Release|Any CPU.Build.0 = Release|Any CPU
		{5D6B1642-7D80-41D0-B292-5B5330A97EBD}.Release|x64.ActiveCfg = Release|Any CPU
		{5D6B1642-7D80-41D0-B292-5B5330A97EBD}.Release|x64.Build.0 = Release|Any CPU
		{5D6B1642-7D80-41D0-B292-5B5330A97EBD}.Release|x86.ActiveCfg = Release|Any CPU
		{5D6B1642-7D80-41D0-B292-5B5330A97EBD}.Release|x86.Build.0 = Release|Any CPU
		{83D45B15-A8D0-47EC-A7D3-8116C59B00B1}.Debug|Any CPU.ActiveCfg = Debug|Any CPU
		{83D45B15-A8D0-47EC-A7D3-8116C59B00B1}.Debug|Any CPU.Build.0 = Debug|Any CPU
		{83D45B15-A8D0-47EC-A7D3-8116C59B00B1}.Debug|x64.ActiveCfg = Debug|Any CPU
		{83D45B15-A8D0-47EC-A7D3-8116C59B00B1}.Debug|x64.Build.0 = Debug|Any CPU
		{83D45B15-A8D0-47EC-A7D3-8116C59B00B1}.Debug|x86.ActiveCfg = Debug|Any CPU
		{83D45B15-A8D0-47EC-A7D3-8116C59B00B1}.Debug|x86.Build.0 = Debug|Any CPU
		{83D45B15-A8D0-47EC-A7D3-8116C59B00B1}.Release|Any CPU.ActiveCfg = Release|Any CPU
		{83D45B15-A8D0-47EC-A7D3-8116C59B00B1}.Release|Any CPU.Build.0 = Release|Any CPU
		{83D45B15-A8D0-47EC-A7D3-8116C59B00B1}.Release|x64.ActiveCfg = Release|Any CPU
		{83D45B15-A8D0-47EC-A7D3-8116C59B00B1}.Release|x64.Build.0 = Release|Any CPU
		{83D45B15-A8D0-47EC-A7D3-8116C59B00B1}.Release|x86.ActiveCfg = Release|Any CPU
		{83D45B15-A8D0-47EC-A7D3-8116C59B00B1}.Release|x86.Build.0 = Release|Any CPU
		{964D28CE-D368-4C21-BF1A-AB0B23DB2C30}.Debug|Any CPU.ActiveCfg = Debug|Any CPU
		{964D28CE-D368-4C21-BF1A-AB0B23DB2C30}.Debug|Any CPU.Build.0 = Debug|Any CPU
		{964D28CE-D368-4C21-BF1A-AB0B23DB2C30}.Debug|x64.ActiveCfg = Debug|Any CPU
		{964D28CE-D368-4C21-BF1A-AB0B23DB2C30}.Debug|x64.Build.0 = Debug|Any CPU
		{964D28CE-D368-4C21-BF1A-AB0B23DB2C30}.Debug|x86.ActiveCfg = Debug|Any CPU
		{964D28CE-D368-4C21-BF1A-AB0B23DB2C30}.Debug|x86.Build.0 = Debug|Any CPU
		{964D28CE-D368-4C21-BF1A-AB0B23DB2C30}.Release|Any CPU.ActiveCfg = Release|Any CPU
		{964D28CE-D368-4C21-BF1A-AB0B23DB2C30}.Release|Any CPU.Build.0 = Release|Any CPU
		{964D28CE-D368-4C21-BF1A-AB0B23DB2C30}.Release|x64.ActiveCfg = Release|Any CPU
		{964D28CE-D368-4C21-BF1A-AB0B23DB2C30}.Release|x64.Build.0 = Release|Any CPU
		{964D28CE-D368-4C21-BF1A-AB0B23DB2C30}.Release|x86.ActiveCfg = Release|Any CPU
		{964D28CE-D368-4C21-BF1A-AB0B23DB2C30}.Release|x86.Build.0 = Release|Any CPU
		{D4C9B8C5-3E1E-4A29-962D-2766FFC3FA48}.Debug|Any CPU.ActiveCfg = Debug|Any CPU
		{D4C9B8C5-3E1E-4A29-962D-2766FFC3FA48}.Debug|Any CPU.Build.0 = Debug|Any CPU
		{D4C9B8C5-3E1E-4A29-962D-2766FFC3FA48}.Debug|x64.ActiveCfg = Debug|Any CPU
		{D4C9B8C5-3E1E-4A29-962D-2766FFC3FA48}.Debug|x64.Build.0 = Debug|Any CPU
		{D4C9B8C5-3E1E-4A29-962D-2766FFC3FA48}.Debug|x86.ActiveCfg = Debug|Any CPU
		{D4C9B8C5-3E1E-4A29-962D-2766FFC3FA48}.Debug|x86.Build.0 = Debug|Any CPU
		{D4C9B8C5-3E1E-4A29-962D-2766FFC3FA48}.Release|Any CPU.ActiveCfg = Release|Any CPU
		{D4C9B8C5-3E1E-4A29-962D-2766FFC3FA48}.Release|Any CPU.Build.0 = Release|Any CPU
		{D4C9B8C5-3E1E-4A29-962D-2766FFC3FA48}.Release|x64.ActiveCfg = Release|Any CPU
		{D4C9B8C5-3E1E-4A29-962D-2766FFC3FA48}.Release|x64.Build.0 = Release|Any CPU
		{D4C9B8C5-3E1E-4A29-962D-2766FFC3FA48}.Release|x86.ActiveCfg = Release|Any CPU
		{D4C9B8C5-3E1E-4A29-962D-2766FFC3FA48}.Release|x86.Build.0 = Release|Any CPU
		{05E617FE-1A6D-4955-9E7E-37093F578FF9}.Debug|Any CPU.ActiveCfg = Debug|Any CPU
		{05E617FE-1A6D-4955-9E7E-37093F578FF9}.Debug|Any CPU.Build.0 = Debug|Any CPU
		{05E617FE-1A6D-4955-9E7E-37093F578FF9}.Debug|x64.ActiveCfg = Debug|Any CPU
		{05E617FE-1A6D-4955-9E7E-37093F578FF9}.Debug|x64.Build.0 = Debug|Any CPU
		{05E617FE-1A6D-4955-9E7E-37093F578FF9}.Debug|x86.ActiveCfg = Debug|Any CPU
		{05E617FE-1A6D-4955-9E7E-37093F578FF9}.Debug|x86.Build.0 = Debug|Any CPU
		{05E617FE-1A6D-4955-9E7E-37093F578FF9}.Release|Any CPU.ActiveCfg = Release|Any CPU
		{05E617FE-1A6D-4955-9E7E-37093F578FF9}.Release|Any CPU.Build.0 = Release|Any CPU
		{05E617FE-1A6D-4955-9E7E-37093F578FF9}.Release|x64.ActiveCfg = Release|Any CPU
		{05E617FE-1A6D-4955-9E7E-37093F578FF9}.Release|x64.Build.0 = Release|Any CPU
		{05E617FE-1A6D-4955-9E7E-37093F578FF9}.Release|x86.ActiveCfg = Release|Any CPU
		{05E617FE-1A6D-4955-9E7E-37093F578FF9}.Release|x86.Build.0 = Release|Any CPU
		{E8A0B732-489E-4CE8-A478-C4D27E1FD1D6}.Debug|Any CPU.ActiveCfg = Debug|Any CPU
		{E8A0B732-489E-4CE8-A478-C4D27E1FD1D6}.Debug|Any CPU.Build.0 = Debug|Any CPU
		{E8A0B732-489E-4CE8-A478-C4D27E1FD1D6}.Debug|x64.ActiveCfg = Debug|Any CPU
		{E8A0B732-489E-4CE8-A478-C4D27E1FD1D6}.Debug|x64.Build.0 = Debug|Any CPU
		{E8A0B732-489E-4CE8-A478-C4D27E1FD1D6}.Debug|x86.ActiveCfg = Debug|Any CPU
		{E8A0B732-489E-4CE8-A478-C4D27E1FD1D6}.Debug|x86.Build.0 = Debug|Any CPU
		{E8A0B732-489E-4CE8-A478-C4D27E1FD1D6}.Release|Any CPU.ActiveCfg = Release|Any CPU
		{E8A0B732-489E-4CE8-A478-C4D27E1FD1D6}.Release|Any CPU.Build.0 = Release|Any CPU
		{E8A0B732-489E-4CE8-A478-C4D27E1FD1D6}.Release|x64.ActiveCfg = Release|Any CPU
		{E8A0B732-489E-4CE8-A478-C4D27E1FD1D6}.Release|x64.Build.0 = Release|Any CPU
		{E8A0B732-489E-4CE8-A478-C4D27E1FD1D6}.Release|x86.ActiveCfg = Release|Any CPU
		{E8A0B732-489E-4CE8-A478-C4D27E1FD1D6}.Release|x86.Build.0 = Release|Any CPU
		{F52A27E8-0105-4A2F-AB1C-08039C66DC7B}.Debug|Any CPU.ActiveCfg = Debug|Any CPU
		{F52A27E8-0105-4A2F-AB1C-08039C66DC7B}.Debug|Any CPU.Build.0 = Debug|Any CPU
		{F52A27E8-0105-4A2F-AB1C-08039C66DC7B}.Debug|x64.ActiveCfg = Debug|Any CPU
		{F52A27E8-0105-4A2F-AB1C-08039C66DC7B}.Debug|x64.Build.0 = Debug|Any CPU
		{F52A27E8-0105-4A2F-AB1C-08039C66DC7B}.Debug|x86.ActiveCfg = Debug|Any CPU
		{F52A27E8-0105-4A2F-AB1C-08039C66DC7B}.Debug|x86.Build.0 = Debug|Any CPU
		{F52A27E8-0105-4A2F-AB1C-08039C66DC7B}.Release|Any CPU.ActiveCfg = Release|Any CPU
		{F52A27E8-0105-4A2F-AB1C-08039C66DC7B}.Release|Any CPU.Build.0 = Release|Any CPU
		{F52A27E8-0105-4A2F-AB1C-08039C66DC7B}.Release|x64.ActiveCfg = Release|Any CPU
		{F52A27E8-0105-4A2F-AB1C-08039C66DC7B}.Release|x64.Build.0 = Release|Any CPU
		{F52A27E8-0105-4A2F-AB1C-08039C66DC7B}.Release|x86.ActiveCfg = Release|Any CPU
		{F52A27E8-0105-4A2F-AB1C-08039C66DC7B}.Release|x86.Build.0 = Release|Any CPU
		{6C65CA2C-886E-43A4-86C5-665CC2D3A380}.Debug|Any CPU.ActiveCfg = Debug|Any CPU
		{6C65CA2C-886E-43A4-86C5-665CC2D3A380}.Debug|Any CPU.Build.0 = Debug|Any CPU
		{6C65CA2C-886E-43A4-86C5-665CC2D3A380}.Debug|x64.ActiveCfg = Debug|Any CPU
		{6C65CA2C-886E-43A4-86C5-665CC2D3A380}.Debug|x64.Build.0 = Debug|Any CPU
		{6C65CA2C-886E-43A4-86C5-665CC2D3A380}.Debug|x86.ActiveCfg = Debug|Any CPU
		{6C65CA2C-886E-43A4-86C5-665CC2D3A380}.Debug|x86.Build.0 = Debug|Any CPU
		{6C65CA2C-886E-43A4-86C5-665CC2D3A380}.Release|Any CPU.ActiveCfg = Release|Any CPU
		{6C65CA2C-886E-43A4-86C5-665CC2D3A380}.Release|Any CPU.Build.0 = Release|Any CPU
		{6C65CA2C-886E-43A4-86C5-665CC2D3A380}.Release|x64.ActiveCfg = Release|Any CPU
		{6C65CA2C-886E-43A4-86C5-665CC2D3A380}.Release|x64.Build.0 = Release|Any CPU
		{6C65CA2C-886E-43A4-86C5-665CC2D3A380}.Release|x86.ActiveCfg = Release|Any CPU
		{6C65CA2C-886E-43A4-86C5-665CC2D3A380}.Release|x86.Build.0 = Release|Any CPU
		{C3780E65-CDB7-49DD-97AE-DD56DE9C976C}.Debug|Any CPU.ActiveCfg = Debug|Any CPU
		{C3780E65-CDB7-49DD-97AE-DD56DE9C976C}.Debug|Any CPU.Build.0 = Debug|Any CPU
		{C3780E65-CDB7-49DD-97AE-DD56DE9C976C}.Debug|x64.ActiveCfg = Debug|Any CPU
		{C3780E65-CDB7-49DD-97AE-DD56DE9C976C}.Debug|x64.Build.0 = Debug|Any CPU
		{C3780E65-CDB7-49DD-97AE-DD56DE9C976C}.Debug|x86.ActiveCfg = Debug|Any CPU
		{C3780E65-CDB7-49DD-97AE-DD56DE9C976C}.Debug|x86.Build.0 = Debug|Any CPU
		{C3780E65-CDB7-49DD-97AE-DD56DE9C976C}.Release|Any CPU.ActiveCfg = Release|Any CPU
		{C3780E65-CDB7-49DD-97AE-DD56DE9C976C}.Release|Any CPU.Build.0 = Release|Any CPU
		{C3780E65-CDB7-49DD-97AE-DD56DE9C976C}.Release|x64.ActiveCfg = Release|Any CPU
		{C3780E65-CDB7-49DD-97AE-DD56DE9C976C}.Release|x64.Build.0 = Release|Any CPU
		{C3780E65-CDB7-49DD-97AE-DD56DE9C976C}.Release|x86.ActiveCfg = Release|Any CPU
		{C3780E65-CDB7-49DD-97AE-DD56DE9C976C}.Release|x86.Build.0 = Release|Any CPU
		{4223FFAB-F978-40FA-872D-D54A68D9A2FC}.Debug|Any CPU.ActiveCfg = Debug|Any CPU
		{4223FFAB-F978-40FA-872D-D54A68D9A2FC}.Debug|Any CPU.Build.0 = Debug|Any CPU
		{4223FFAB-F978-40FA-872D-D54A68D9A2FC}.Debug|x64.ActiveCfg = Debug|Any CPU
		{4223FFAB-F978-40FA-872D-D54A68D9A2FC}.Debug|x64.Build.0 = Debug|Any CPU
		{4223FFAB-F978-40FA-872D-D54A68D9A2FC}.Debug|x86.ActiveCfg = Debug|Any CPU
		{4223FFAB-F978-40FA-872D-D54A68D9A2FC}.Debug|x86.Build.0 = Debug|Any CPU
		{4223FFAB-F978-40FA-872D-D54A68D9A2FC}.Release|Any CPU.ActiveCfg = Release|Any CPU
		{4223FFAB-F978-40FA-872D-D54A68D9A2FC}.Release|Any CPU.Build.0 = Release|Any CPU
		{4223FFAB-F978-40FA-872D-D54A68D9A2FC}.Release|x64.ActiveCfg = Release|Any CPU
		{4223FFAB-F978-40FA-872D-D54A68D9A2FC}.Release|x64.Build.0 = Release|Any CPU
		{4223FFAB-F978-40FA-872D-D54A68D9A2FC}.Release|x86.ActiveCfg = Release|Any CPU
		{4223FFAB-F978-40FA-872D-D54A68D9A2FC}.Release|x86.Build.0 = Release|Any CPU
		{F6B582C4-3773-4601-A4EF-C22B3D3227C5}.Debug|Any CPU.ActiveCfg = Debug|Any CPU
		{F6B582C4-3773-4601-A4EF-C22B3D3227C5}.Debug|Any CPU.Build.0 = Debug|Any CPU
		{F6B582C4-3773-4601-A4EF-C22B3D3227C5}.Debug|x64.ActiveCfg = Debug|Any CPU
		{F6B582C4-3773-4601-A4EF-C22B3D3227C5}.Debug|x64.Build.0 = Debug|Any CPU
		{F6B582C4-3773-4601-A4EF-C22B3D3227C5}.Debug|x86.ActiveCfg = Debug|Any CPU
		{F6B582C4-3773-4601-A4EF-C22B3D3227C5}.Debug|x86.Build.0 = Debug|Any CPU
		{F6B582C4-3773-4601-A4EF-C22B3D3227C5}.Release|Any CPU.ActiveCfg = Release|Any CPU
		{F6B582C4-3773-4601-A4EF-C22B3D3227C5}.Release|Any CPU.Build.0 = Release|Any CPU
		{F6B582C4-3773-4601-A4EF-C22B3D3227C5}.Release|x64.ActiveCfg = Release|Any CPU
		{F6B582C4-3773-4601-A4EF-C22B3D3227C5}.Release|x64.Build.0 = Release|Any CPU
		{F6B582C4-3773-4601-A4EF-C22B3D3227C5}.Release|x86.ActiveCfg = Release|Any CPU
		{F6B582C4-3773-4601-A4EF-C22B3D3227C5}.Release|x86.Build.0 = Release|Any CPU
		{6F49F189-222E-4812-991C-F5E112D4EF94}.Debug|Any CPU.ActiveCfg = Debug|Any CPU
		{6F49F189-222E-4812-991C-F5E112D4EF94}.Debug|Any CPU.Build.0 = Debug|Any CPU
		{6F49F189-222E-4812-991C-F5E112D4EF94}.Debug|x64.ActiveCfg = Debug|Any CPU
		{6F49F189-222E-4812-991C-F5E112D4EF94}.Debug|x64.Build.0 = Debug|Any CPU
		{6F49F189-222E-4812-991C-F5E112D4EF94}.Debug|x86.ActiveCfg = Debug|Any CPU
		{6F49F189-222E-4812-991C-F5E112D4EF94}.Debug|x86.Build.0 = Debug|Any CPU
		{6F49F189-222E-4812-991C-F5E112D4EF94}.Release|Any CPU.ActiveCfg = Release|Any CPU
		{6F49F189-222E-4812-991C-F5E112D4EF94}.Release|Any CPU.Build.0 = Release|Any CPU
		{6F49F189-222E-4812-991C-F5E112D4EF94}.Release|x64.ActiveCfg = Release|Any CPU
		{6F49F189-222E-4812-991C-F5E112D4EF94}.Release|x64.Build.0 = Release|Any CPU
		{6F49F189-222E-4812-991C-F5E112D4EF94}.Release|x86.ActiveCfg = Release|Any CPU
		{6F49F189-222E-4812-991C-F5E112D4EF94}.Release|x86.Build.0 = Release|Any CPU
		{1535CFFA-E042-48F4-B07C-E75C5089BF91}.Debug|Any CPU.ActiveCfg = Debug|Any CPU
		{1535CFFA-E042-48F4-B07C-E75C5089BF91}.Debug|Any CPU.Build.0 = Debug|Any CPU
		{1535CFFA-E042-48F4-B07C-E75C5089BF91}.Debug|x64.ActiveCfg = Debug|Any CPU
		{1535CFFA-E042-48F4-B07C-E75C5089BF91}.Debug|x64.Build.0 = Debug|Any CPU
		{1535CFFA-E042-48F4-B07C-E75C5089BF91}.Debug|x86.ActiveCfg = Debug|Any CPU
		{1535CFFA-E042-48F4-B07C-E75C5089BF91}.Debug|x86.Build.0 = Debug|Any CPU
		{1535CFFA-E042-48F4-B07C-E75C5089BF91}.Release|Any CPU.ActiveCfg = Release|Any CPU
		{1535CFFA-E042-48F4-B07C-E75C5089BF91}.Release|Any CPU.Build.0 = Release|Any CPU
		{1535CFFA-E042-48F4-B07C-E75C5089BF91}.Release|x64.ActiveCfg = Release|Any CPU
		{1535CFFA-E042-48F4-B07C-E75C5089BF91}.Release|x64.Build.0 = Release|Any CPU
		{1535CFFA-E042-48F4-B07C-E75C5089BF91}.Release|x86.ActiveCfg = Release|Any CPU
		{1535CFFA-E042-48F4-B07C-E75C5089BF91}.Release|x86.Build.0 = Release|Any CPU
		{966B72BE-96F4-4E44-9107-B564ED40E33F}.Debug|Any CPU.ActiveCfg = Debug|Any CPU
		{966B72BE-96F4-4E44-9107-B564ED40E33F}.Debug|Any CPU.Build.0 = Debug|Any CPU
		{966B72BE-96F4-4E44-9107-B564ED40E33F}.Debug|x64.ActiveCfg = Debug|Any CPU
		{966B72BE-96F4-4E44-9107-B564ED40E33F}.Debug|x64.Build.0 = Debug|Any CPU
		{966B72BE-96F4-4E44-9107-B564ED40E33F}.Debug|x86.ActiveCfg = Debug|Any CPU
		{966B72BE-96F4-4E44-9107-B564ED40E33F}.Debug|x86.Build.0 = Debug|Any CPU
		{966B72BE-96F4-4E44-9107-B564ED40E33F}.Release|Any CPU.ActiveCfg = Release|Any CPU
		{966B72BE-96F4-4E44-9107-B564ED40E33F}.Release|Any CPU.Build.0 = Release|Any CPU
		{966B72BE-96F4-4E44-9107-B564ED40E33F}.Release|x64.ActiveCfg = Release|Any CPU
		{966B72BE-96F4-4E44-9107-B564ED40E33F}.Release|x64.Build.0 = Release|Any CPU
		{966B72BE-96F4-4E44-9107-B564ED40E33F}.Release|x86.ActiveCfg = Release|Any CPU
		{966B72BE-96F4-4E44-9107-B564ED40E33F}.Release|x86.Build.0 = Release|Any CPU
		{74B9E052-D108-4873-BD41-FE1E1ADDB831}.Debug|Any CPU.ActiveCfg = Debug|Any CPU
		{74B9E052-D108-4873-BD41-FE1E1ADDB831}.Debug|Any CPU.Build.0 = Debug|Any CPU
		{74B9E052-D108-4873-BD41-FE1E1ADDB831}.Debug|x64.ActiveCfg = Debug|Any CPU
		{74B9E052-D108-4873-BD41-FE1E1ADDB831}.Debug|x64.Build.0 = Debug|Any CPU
		{74B9E052-D108-4873-BD41-FE1E1ADDB831}.Debug|x86.ActiveCfg = Debug|Any CPU
		{74B9E052-D108-4873-BD41-FE1E1ADDB831}.Debug|x86.Build.0 = Debug|Any CPU
		{74B9E052-D108-4873-BD41-FE1E1ADDB831}.Release|Any CPU.ActiveCfg = Release|Any CPU
		{74B9E052-D108-4873-BD41-FE1E1ADDB831}.Release|Any CPU.Build.0 = Release|Any CPU
		{74B9E052-D108-4873-BD41-FE1E1ADDB831}.Release|x64.ActiveCfg = Release|Any CPU
		{74B9E052-D108-4873-BD41-FE1E1ADDB831}.Release|x64.Build.0 = Release|Any CPU
		{74B9E052-D108-4873-BD41-FE1E1ADDB831}.Release|x86.ActiveCfg = Release|Any CPU
		{74B9E052-D108-4873-BD41-FE1E1ADDB831}.Release|x86.Build.0 = Release|Any CPU
		{C6DD4360-876A-4A2D-BB61-B938687ECBF9}.Debug|Any CPU.ActiveCfg = Debug|Any CPU
		{C6DD4360-876A-4A2D-BB61-B938687ECBF9}.Debug|Any CPU.Build.0 = Debug|Any CPU
		{C6DD4360-876A-4A2D-BB61-B938687ECBF9}.Debug|x64.ActiveCfg = Debug|Any CPU
		{C6DD4360-876A-4A2D-BB61-B938687ECBF9}.Debug|x64.Build.0 = Debug|Any CPU
		{C6DD4360-876A-4A2D-BB61-B938687ECBF9}.Debug|x86.ActiveCfg = Debug|Any CPU
		{C6DD4360-876A-4A2D-BB61-B938687ECBF9}.Debug|x86.Build.0 = Debug|Any CPU
		{C6DD4360-876A-4A2D-BB61-B938687ECBF9}.Release|Any CPU.ActiveCfg = Release|Any CPU
		{C6DD4360-876A-4A2D-BB61-B938687ECBF9}.Release|Any CPU.Build.0 = Release|Any CPU
		{C6DD4360-876A-4A2D-BB61-B938687ECBF9}.Release|x64.ActiveCfg = Release|Any CPU
		{C6DD4360-876A-4A2D-BB61-B938687ECBF9}.Release|x64.Build.0 = Release|Any CPU
		{C6DD4360-876A-4A2D-BB61-B938687ECBF9}.Release|x86.ActiveCfg = Release|Any CPU
		{C6DD4360-876A-4A2D-BB61-B938687ECBF9}.Release|x86.Build.0 = Release|Any CPU
		{E16A90D0-AEA0-420A-9AA9-B5FC8100B69B}.Debug|Any CPU.ActiveCfg = Debug|Any CPU
		{E16A90D0-AEA0-420A-9AA9-B5FC8100B69B}.Debug|Any CPU.Build.0 = Debug|Any CPU
		{E16A90D0-AEA0-420A-9AA9-B5FC8100B69B}.Debug|x64.ActiveCfg = Debug|Any CPU
		{E16A90D0-AEA0-420A-9AA9-B5FC8100B69B}.Debug|x64.Build.0 = Debug|Any CPU
		{E16A90D0-AEA0-420A-9AA9-B5FC8100B69B}.Debug|x86.ActiveCfg = Debug|Any CPU
		{E16A90D0-AEA0-420A-9AA9-B5FC8100B69B}.Debug|x86.Build.0 = Debug|Any CPU
		{E16A90D0-AEA0-420A-9AA9-B5FC8100B69B}.Release|Any CPU.ActiveCfg = Release|Any CPU
		{E16A90D0-AEA0-420A-9AA9-B5FC8100B69B}.Release|Any CPU.Build.0 = Release|Any CPU
		{E16A90D0-AEA0-420A-9AA9-B5FC8100B69B}.Release|x64.ActiveCfg = Release|Any CPU
		{E16A90D0-AEA0-420A-9AA9-B5FC8100B69B}.Release|x64.Build.0 = Release|Any CPU
		{E16A90D0-AEA0-420A-9AA9-B5FC8100B69B}.Release|x86.ActiveCfg = Release|Any CPU
		{E16A90D0-AEA0-420A-9AA9-B5FC8100B69B}.Release|x86.Build.0 = Release|Any CPU
		{EE351F84-30EB-4CA2-A441-7D8256C15DF1}.Debug|Any CPU.ActiveCfg = Debug|Any CPU
		{EE351F84-30EB-4CA2-A441-7D8256C15DF1}.Debug|Any CPU.Build.0 = Debug|Any CPU
		{EE351F84-30EB-4CA2-A441-7D8256C15DF1}.Debug|x64.ActiveCfg = Debug|Any CPU
		{EE351F84-30EB-4CA2-A441-7D8256C15DF1}.Debug|x64.Build.0 = Debug|Any CPU
		{EE351F84-30EB-4CA2-A441-7D8256C15DF1}.Debug|x86.ActiveCfg = Debug|Any CPU
		{EE351F84-30EB-4CA2-A441-7D8256C15DF1}.Debug|x86.Build.0 = Debug|Any CPU
		{EE351F84-30EB-4CA2-A441-7D8256C15DF1}.Release|Any CPU.ActiveCfg = Release|Any CPU
		{EE351F84-30EB-4CA2-A441-7D8256C15DF1}.Release|Any CPU.Build.0 = Release|Any CPU
		{EE351F84-30EB-4CA2-A441-7D8256C15DF1}.Release|x64.ActiveCfg = Release|Any CPU
		{EE351F84-30EB-4CA2-A441-7D8256C15DF1}.Release|x64.Build.0 = Release|Any CPU
		{EE351F84-30EB-4CA2-A441-7D8256C15DF1}.Release|x86.ActiveCfg = Release|Any CPU
		{EE351F84-30EB-4CA2-A441-7D8256C15DF1}.Release|x86.Build.0 = Release|Any CPU
		{4247F83E-FC33-493B-83AD-A6FB04E13BB0}.Debug|Any CPU.ActiveCfg = Debug|Any CPU
		{4247F83E-FC33-493B-83AD-A6FB04E13BB0}.Debug|Any CPU.Build.0 = Debug|Any CPU
		{4247F83E-FC33-493B-83AD-A6FB04E13BB0}.Debug|x64.ActiveCfg = Debug|Any CPU
		{4247F83E-FC33-493B-83AD-A6FB04E13BB0}.Debug|x64.Build.0 = Debug|Any CPU
		{4247F83E-FC33-493B-83AD-A6FB04E13BB0}.Debug|x86.ActiveCfg = Debug|Any CPU
		{4247F83E-FC33-493B-83AD-A6FB04E13BB0}.Debug|x86.Build.0 = Debug|Any CPU
		{4247F83E-FC33-493B-83AD-A6FB04E13BB0}.Release|Any CPU.ActiveCfg = Release|Any CPU
		{4247F83E-FC33-493B-83AD-A6FB04E13BB0}.Release|Any CPU.Build.0 = Release|Any CPU
		{4247F83E-FC33-493B-83AD-A6FB04E13BB0}.Release|x64.ActiveCfg = Release|Any CPU
		{4247F83E-FC33-493B-83AD-A6FB04E13BB0}.Release|x64.Build.0 = Release|Any CPU
		{4247F83E-FC33-493B-83AD-A6FB04E13BB0}.Release|x86.ActiveCfg = Release|Any CPU
		{4247F83E-FC33-493B-83AD-A6FB04E13BB0}.Release|x86.Build.0 = Release|Any CPU
		{53F31D99-111B-4C6C-970F-48A6512EA638}.Debug|Any CPU.ActiveCfg = Debug|Any CPU
		{53F31D99-111B-4C6C-970F-48A6512EA638}.Debug|Any CPU.Build.0 = Debug|Any CPU
		{53F31D99-111B-4C6C-970F-48A6512EA638}.Debug|x64.ActiveCfg = Debug|Any CPU
		{53F31D99-111B-4C6C-970F-48A6512EA638}.Debug|x64.Build.0 = Debug|Any CPU
		{53F31D99-111B-4C6C-970F-48A6512EA638}.Debug|x86.ActiveCfg = Debug|Any CPU
		{53F31D99-111B-4C6C-970F-48A6512EA638}.Debug|x86.Build.0 = Debug|Any CPU
		{53F31D99-111B-4C6C-970F-48A6512EA638}.Release|Any CPU.ActiveCfg = Release|Any CPU
		{53F31D99-111B-4C6C-970F-48A6512EA638}.Release|Any CPU.Build.0 = Release|Any CPU
		{53F31D99-111B-4C6C-970F-48A6512EA638}.Release|x64.ActiveCfg = Release|Any CPU
		{53F31D99-111B-4C6C-970F-48A6512EA638}.Release|x64.Build.0 = Release|Any CPU
		{53F31D99-111B-4C6C-970F-48A6512EA638}.Release|x86.ActiveCfg = Release|Any CPU
		{53F31D99-111B-4C6C-970F-48A6512EA638}.Release|x86.Build.0 = Release|Any CPU
		{9F49FC37-7127-452D-A85C-0173CDBD6D46}.Debug|Any CPU.ActiveCfg = Debug|Any CPU
		{9F49FC37-7127-452D-A85C-0173CDBD6D46}.Debug|Any CPU.Build.0 = Debug|Any CPU
		{9F49FC37-7127-452D-A85C-0173CDBD6D46}.Debug|x64.ActiveCfg = Debug|Any CPU
		{9F49FC37-7127-452D-A85C-0173CDBD6D46}.Debug|x64.Build.0 = Debug|Any CPU
		{9F49FC37-7127-452D-A85C-0173CDBD6D46}.Debug|x86.ActiveCfg = Debug|Any CPU
		{9F49FC37-7127-452D-A85C-0173CDBD6D46}.Debug|x86.Build.0 = Debug|Any CPU
		{9F49FC37-7127-452D-A85C-0173CDBD6D46}.Release|Any CPU.ActiveCfg = Release|Any CPU
		{9F49FC37-7127-452D-A85C-0173CDBD6D46}.Release|Any CPU.Build.0 = Release|Any CPU
		{9F49FC37-7127-452D-A85C-0173CDBD6D46}.Release|x64.ActiveCfg = Release|Any CPU
		{9F49FC37-7127-452D-A85C-0173CDBD6D46}.Release|x64.Build.0 = Release|Any CPU
		{9F49FC37-7127-452D-A85C-0173CDBD6D46}.Release|x86.ActiveCfg = Release|Any CPU
		{9F49FC37-7127-452D-A85C-0173CDBD6D46}.Release|x86.Build.0 = Release|Any CPU
		{55B7A436-7678-4957-A58E-211C1F9B3850}.Debug|Any CPU.ActiveCfg = Debug|Any CPU
		{55B7A436-7678-4957-A58E-211C1F9B3850}.Debug|Any CPU.Build.0 = Debug|Any CPU
		{55B7A436-7678-4957-A58E-211C1F9B3850}.Debug|x64.ActiveCfg = Debug|Any CPU
		{55B7A436-7678-4957-A58E-211C1F9B3850}.Debug|x64.Build.0 = Debug|Any CPU
		{55B7A436-7678-4957-A58E-211C1F9B3850}.Debug|x86.ActiveCfg = Debug|Any CPU
		{55B7A436-7678-4957-A58E-211C1F9B3850}.Debug|x86.Build.0 = Debug|Any CPU
		{55B7A436-7678-4957-A58E-211C1F9B3850}.Release|Any CPU.ActiveCfg = Release|Any CPU
		{55B7A436-7678-4957-A58E-211C1F9B3850}.Release|Any CPU.Build.0 = Release|Any CPU
		{55B7A436-7678-4957-A58E-211C1F9B3850}.Release|x64.ActiveCfg = Release|Any CPU
		{55B7A436-7678-4957-A58E-211C1F9B3850}.Release|x64.Build.0 = Release|Any CPU
		{55B7A436-7678-4957-A58E-211C1F9B3850}.Release|x86.ActiveCfg = Release|Any CPU
		{55B7A436-7678-4957-A58E-211C1F9B3850}.Release|x86.Build.0 = Release|Any CPU
		{687C996A-8821-4252-A06B-AD4ED9043439}.Debug|Any CPU.ActiveCfg = Debug|Any CPU
		{687C996A-8821-4252-A06B-AD4ED9043439}.Debug|Any CPU.Build.0 = Debug|Any CPU
		{687C996A-8821-4252-A06B-AD4ED9043439}.Debug|x64.ActiveCfg = Debug|Any CPU
		{687C996A-8821-4252-A06B-AD4ED9043439}.Debug|x64.Build.0 = Debug|Any CPU
		{687C996A-8821-4252-A06B-AD4ED9043439}.Debug|x86.ActiveCfg = Debug|Any CPU
		{687C996A-8821-4252-A06B-AD4ED9043439}.Debug|x86.Build.0 = Debug|Any CPU
		{687C996A-8821-4252-A06B-AD4ED9043439}.Release|Any CPU.ActiveCfg = Release|Any CPU
		{687C996A-8821-4252-A06B-AD4ED9043439}.Release|Any CPU.Build.0 = Release|Any CPU
		{687C996A-8821-4252-A06B-AD4ED9043439}.Release|x64.ActiveCfg = Release|Any CPU
		{687C996A-8821-4252-A06B-AD4ED9043439}.Release|x64.Build.0 = Release|Any CPU
		{687C996A-8821-4252-A06B-AD4ED9043439}.Release|x86.ActiveCfg = Release|Any CPU
		{687C996A-8821-4252-A06B-AD4ED9043439}.Release|x86.Build.0 = Release|Any CPU
		{CB3DF3C4-AB30-4DC5-95BD-8B46DC392FF0}.Debug|Any CPU.ActiveCfg = Debug|Any CPU
		{CB3DF3C4-AB30-4DC5-95BD-8B46DC392FF0}.Debug|Any CPU.Build.0 = Debug|Any CPU
		{CB3DF3C4-AB30-4DC5-95BD-8B46DC392FF0}.Debug|x64.ActiveCfg = Debug|Any CPU
		{CB3DF3C4-AB30-4DC5-95BD-8B46DC392FF0}.Debug|x64.Build.0 = Debug|Any CPU
		{CB3DF3C4-AB30-4DC5-95BD-8B46DC392FF0}.Debug|x86.ActiveCfg = Debug|Any CPU
		{CB3DF3C4-AB30-4DC5-95BD-8B46DC392FF0}.Debug|x86.Build.0 = Debug|Any CPU
		{CB3DF3C4-AB30-4DC5-95BD-8B46DC392FF0}.Release|Any CPU.ActiveCfg = Release|Any CPU
		{CB3DF3C4-AB30-4DC5-95BD-8B46DC392FF0}.Release|Any CPU.Build.0 = Release|Any CPU
		{CB3DF3C4-AB30-4DC5-95BD-8B46DC392FF0}.Release|x64.ActiveCfg = Release|Any CPU
		{CB3DF3C4-AB30-4DC5-95BD-8B46DC392FF0}.Release|x64.Build.0 = Release|Any CPU
		{CB3DF3C4-AB30-4DC5-95BD-8B46DC392FF0}.Release|x86.ActiveCfg = Release|Any CPU
		{CB3DF3C4-AB30-4DC5-95BD-8B46DC392FF0}.Release|x86.Build.0 = Release|Any CPU
		{451F7899-6E6F-414B-BB04-549C191A6E90}.Debug|Any CPU.ActiveCfg = Debug|Any CPU
		{451F7899-6E6F-414B-BB04-549C191A6E90}.Debug|Any CPU.Build.0 = Debug|Any CPU
		{451F7899-6E6F-414B-BB04-549C191A6E90}.Debug|x64.ActiveCfg = Debug|Any CPU
		{451F7899-6E6F-414B-BB04-549C191A6E90}.Debug|x64.Build.0 = Debug|Any CPU
		{451F7899-6E6F-414B-BB04-549C191A6E90}.Debug|x86.ActiveCfg = Debug|Any CPU
		{451F7899-6E6F-414B-BB04-549C191A6E90}.Debug|x86.Build.0 = Debug|Any CPU
		{451F7899-6E6F-414B-BB04-549C191A6E90}.Release|Any CPU.ActiveCfg = Release|Any CPU
		{451F7899-6E6F-414B-BB04-549C191A6E90}.Release|Any CPU.Build.0 = Release|Any CPU
		{451F7899-6E6F-414B-BB04-549C191A6E90}.Release|x64.ActiveCfg = Release|Any CPU
		{451F7899-6E6F-414B-BB04-549C191A6E90}.Release|x64.Build.0 = Release|Any CPU
		{451F7899-6E6F-414B-BB04-549C191A6E90}.Release|x86.ActiveCfg = Release|Any CPU
		{451F7899-6E6F-414B-BB04-549C191A6E90}.Release|x86.Build.0 = Release|Any CPU
		{6DD14E5C-FB66-40AC-848D-A3A20C1AC848}.Debug|Any CPU.ActiveCfg = Debug|Any CPU
		{6DD14E5C-FB66-40AC-848D-A3A20C1AC848}.Debug|Any CPU.Build.0 = Debug|Any CPU
		{6DD14E5C-FB66-40AC-848D-A3A20C1AC848}.Debug|x64.ActiveCfg = Debug|Any CPU
		{6DD14E5C-FB66-40AC-848D-A3A20C1AC848}.Debug|x64.Build.0 = Debug|Any CPU
		{6DD14E5C-FB66-40AC-848D-A3A20C1AC848}.Debug|x86.ActiveCfg = Debug|Any CPU
		{6DD14E5C-FB66-40AC-848D-A3A20C1AC848}.Debug|x86.Build.0 = Debug|Any CPU
		{6DD14E5C-FB66-40AC-848D-A3A20C1AC848}.Release|Any CPU.ActiveCfg = Release|Any CPU
		{6DD14E5C-FB66-40AC-848D-A3A20C1AC848}.Release|Any CPU.Build.0 = Release|Any CPU
		{6DD14E5C-FB66-40AC-848D-A3A20C1AC848}.Release|x64.ActiveCfg = Release|Any CPU
		{6DD14E5C-FB66-40AC-848D-A3A20C1AC848}.Release|x64.Build.0 = Release|Any CPU
		{6DD14E5C-FB66-40AC-848D-A3A20C1AC848}.Release|x86.ActiveCfg = Release|Any CPU
		{6DD14E5C-FB66-40AC-848D-A3A20C1AC848}.Release|x86.Build.0 = Release|Any CPU
		{B5E9F600-3771-4370-9EE1-35322D500644}.Debug|Any CPU.ActiveCfg = Debug|Any CPU
		{B5E9F600-3771-4370-9EE1-35322D500644}.Debug|Any CPU.Build.0 = Debug|Any CPU
		{B5E9F600-3771-4370-9EE1-35322D500644}.Debug|x64.ActiveCfg = Debug|Any CPU
		{B5E9F600-3771-4370-9EE1-35322D500644}.Debug|x64.Build.0 = Debug|Any CPU
		{B5E9F600-3771-4370-9EE1-35322D500644}.Debug|x86.ActiveCfg = Debug|Any CPU
		{B5E9F600-3771-4370-9EE1-35322D500644}.Debug|x86.Build.0 = Debug|Any CPU
		{B5E9F600-3771-4370-9EE1-35322D500644}.Release|Any CPU.ActiveCfg = Release|Any CPU
		{B5E9F600-3771-4370-9EE1-35322D500644}.Release|Any CPU.Build.0 = Release|Any CPU
		{B5E9F600-3771-4370-9EE1-35322D500644}.Release|x64.ActiveCfg = Release|Any CPU
		{B5E9F600-3771-4370-9EE1-35322D500644}.Release|x64.Build.0 = Release|Any CPU
		{B5E9F600-3771-4370-9EE1-35322D500644}.Release|x86.ActiveCfg = Release|Any CPU
		{B5E9F600-3771-4370-9EE1-35322D500644}.Release|x86.Build.0 = Release|Any CPU
		{01EA7328-9881-4626-8843-EF6A8016E5AA}.Debug|Any CPU.ActiveCfg = Debug|Any CPU
		{01EA7328-9881-4626-8843-EF6A8016E5AA}.Debug|Any CPU.Build.0 = Debug|Any CPU
		{01EA7328-9881-4626-8843-EF6A8016E5AA}.Debug|x64.ActiveCfg = Debug|Any CPU
		{01EA7328-9881-4626-8843-EF6A8016E5AA}.Debug|x64.Build.0 = Debug|Any CPU
		{01EA7328-9881-4626-8843-EF6A8016E5AA}.Debug|x86.ActiveCfg = Debug|Any CPU
		{01EA7328-9881-4626-8843-EF6A8016E5AA}.Debug|x86.Build.0 = Debug|Any CPU
		{01EA7328-9881-4626-8843-EF6A8016E5AA}.Release|Any CPU.ActiveCfg = Release|Any CPU
		{01EA7328-9881-4626-8843-EF6A8016E5AA}.Release|Any CPU.Build.0 = Release|Any CPU
		{01EA7328-9881-4626-8843-EF6A8016E5AA}.Release|x64.ActiveCfg = Release|Any CPU
		{01EA7328-9881-4626-8843-EF6A8016E5AA}.Release|x64.Build.0 = Release|Any CPU
		{01EA7328-9881-4626-8843-EF6A8016E5AA}.Release|x86.ActiveCfg = Release|Any CPU
		{01EA7328-9881-4626-8843-EF6A8016E5AA}.Release|x86.Build.0 = Release|Any CPU
		{5DC30D1B-5862-4FBD-A373-03773FA2767A}.Debug|Any CPU.ActiveCfg = Debug|Any CPU
		{5DC30D1B-5862-4FBD-A373-03773FA2767A}.Debug|Any CPU.Build.0 = Debug|Any CPU
		{5DC30D1B-5862-4FBD-A373-03773FA2767A}.Debug|x64.ActiveCfg = Debug|Any CPU
		{5DC30D1B-5862-4FBD-A373-03773FA2767A}.Debug|x64.Build.0 = Debug|Any CPU
		{5DC30D1B-5862-4FBD-A373-03773FA2767A}.Debug|x86.ActiveCfg = Debug|Any CPU
		{5DC30D1B-5862-4FBD-A373-03773FA2767A}.Debug|x86.Build.0 = Debug|Any CPU
		{5DC30D1B-5862-4FBD-A373-03773FA2767A}.Release|Any CPU.ActiveCfg = Release|Any CPU
		{5DC30D1B-5862-4FBD-A373-03773FA2767A}.Release|Any CPU.Build.0 = Release|Any CPU
		{5DC30D1B-5862-4FBD-A373-03773FA2767A}.Release|x64.ActiveCfg = Release|Any CPU
		{5DC30D1B-5862-4FBD-A373-03773FA2767A}.Release|x64.Build.0 = Release|Any CPU
		{5DC30D1B-5862-4FBD-A373-03773FA2767A}.Release|x86.ActiveCfg = Release|Any CPU
		{5DC30D1B-5862-4FBD-A373-03773FA2767A}.Release|x86.Build.0 = Release|Any CPU
		{3932832D-EFE7-49F0-9CC6-6BEFA1D2F88C}.Debug|Any CPU.ActiveCfg = Debug|Any CPU
		{3932832D-EFE7-49F0-9CC6-6BEFA1D2F88C}.Debug|Any CPU.Build.0 = Debug|Any CPU
		{3932832D-EFE7-49F0-9CC6-6BEFA1D2F88C}.Debug|x64.ActiveCfg = Debug|Any CPU
		{3932832D-EFE7-49F0-9CC6-6BEFA1D2F88C}.Debug|x64.Build.0 = Debug|Any CPU
		{3932832D-EFE7-49F0-9CC6-6BEFA1D2F88C}.Debug|x86.ActiveCfg = Debug|Any CPU
		{3932832D-EFE7-49F0-9CC6-6BEFA1D2F88C}.Debug|x86.Build.0 = Debug|Any CPU
		{3932832D-EFE7-49F0-9CC6-6BEFA1D2F88C}.Release|Any CPU.ActiveCfg = Release|Any CPU
		{3932832D-EFE7-49F0-9CC6-6BEFA1D2F88C}.Release|Any CPU.Build.0 = Release|Any CPU
		{3932832D-EFE7-49F0-9CC6-6BEFA1D2F88C}.Release|x64.ActiveCfg = Release|Any CPU
		{3932832D-EFE7-49F0-9CC6-6BEFA1D2F88C}.Release|x64.Build.0 = Release|Any CPU
		{3932832D-EFE7-49F0-9CC6-6BEFA1D2F88C}.Release|x86.ActiveCfg = Release|Any CPU
		{3932832D-EFE7-49F0-9CC6-6BEFA1D2F88C}.Release|x86.Build.0 = Release|Any CPU
		{A2BE2828-7EED-4E39-8919-920E1C97F945}.Debug|Any CPU.ActiveCfg = Debug|Any CPU
		{A2BE2828-7EED-4E39-8919-920E1C97F945}.Debug|Any CPU.Build.0 = Debug|Any CPU
		{A2BE2828-7EED-4E39-8919-920E1C97F945}.Debug|x64.ActiveCfg = Debug|Any CPU
		{A2BE2828-7EED-4E39-8919-920E1C97F945}.Debug|x64.Build.0 = Debug|Any CPU
		{A2BE2828-7EED-4E39-8919-920E1C97F945}.Debug|x86.ActiveCfg = Debug|Any CPU
		{A2BE2828-7EED-4E39-8919-920E1C97F945}.Debug|x86.Build.0 = Debug|Any CPU
		{A2BE2828-7EED-4E39-8919-920E1C97F945}.Release|Any CPU.ActiveCfg = Release|Any CPU
		{A2BE2828-7EED-4E39-8919-920E1C97F945}.Release|Any CPU.Build.0 = Release|Any CPU
		{A2BE2828-7EED-4E39-8919-920E1C97F945}.Release|x64.ActiveCfg = Release|Any CPU
		{A2BE2828-7EED-4E39-8919-920E1C97F945}.Release|x64.Build.0 = Release|Any CPU
		{A2BE2828-7EED-4E39-8919-920E1C97F945}.Release|x86.ActiveCfg = Release|Any CPU
		{A2BE2828-7EED-4E39-8919-920E1C97F945}.Release|x86.Build.0 = Release|Any CPU
		{B079E063-3418-47BF-AD63-F7C3A4EF9525}.Debug|Any CPU.ActiveCfg = Debug|Any CPU
		{B079E063-3418-47BF-AD63-F7C3A4EF9525}.Debug|Any CPU.Build.0 = Debug|Any CPU
		{B079E063-3418-47BF-AD63-F7C3A4EF9525}.Debug|x64.ActiveCfg = Debug|Any CPU
		{B079E063-3418-47BF-AD63-F7C3A4EF9525}.Debug|x64.Build.0 = Debug|Any CPU
		{B079E063-3418-47BF-AD63-F7C3A4EF9525}.Debug|x86.ActiveCfg = Debug|Any CPU
		{B079E063-3418-47BF-AD63-F7C3A4EF9525}.Debug|x86.Build.0 = Debug|Any CPU
		{B079E063-3418-47BF-AD63-F7C3A4EF9525}.Release|Any CPU.ActiveCfg = Release|Any CPU
		{B079E063-3418-47BF-AD63-F7C3A4EF9525}.Release|Any CPU.Build.0 = Release|Any CPU
		{B079E063-3418-47BF-AD63-F7C3A4EF9525}.Release|x64.ActiveCfg = Release|Any CPU
		{B079E063-3418-47BF-AD63-F7C3A4EF9525}.Release|x64.Build.0 = Release|Any CPU
		{B079E063-3418-47BF-AD63-F7C3A4EF9525}.Release|x86.ActiveCfg = Release|Any CPU
		{B079E063-3418-47BF-AD63-F7C3A4EF9525}.Release|x86.Build.0 = Release|Any CPU
		{4033B569-1710-477C-BCD6-9B3FEEF5D4DE}.Debug|Any CPU.ActiveCfg = Debug|Any CPU
		{4033B569-1710-477C-BCD6-9B3FEEF5D4DE}.Debug|Any CPU.Build.0 = Debug|Any CPU
		{4033B569-1710-477C-BCD6-9B3FEEF5D4DE}.Debug|x64.ActiveCfg = Debug|Any CPU
		{4033B569-1710-477C-BCD6-9B3FEEF5D4DE}.Debug|x64.Build.0 = Debug|Any CPU
		{4033B569-1710-477C-BCD6-9B3FEEF5D4DE}.Debug|x86.ActiveCfg = Debug|Any CPU
		{4033B569-1710-477C-BCD6-9B3FEEF5D4DE}.Debug|x86.Build.0 = Debug|Any CPU
		{4033B569-1710-477C-BCD6-9B3FEEF5D4DE}.Release|Any CPU.ActiveCfg = Release|Any CPU
		{4033B569-1710-477C-BCD6-9B3FEEF5D4DE}.Release|Any CPU.Build.0 = Release|Any CPU
		{4033B569-1710-477C-BCD6-9B3FEEF5D4DE}.Release|x64.ActiveCfg = Release|Any CPU
		{4033B569-1710-477C-BCD6-9B3FEEF5D4DE}.Release|x64.Build.0 = Release|Any CPU
		{4033B569-1710-477C-BCD6-9B3FEEF5D4DE}.Release|x86.ActiveCfg = Release|Any CPU
		{4033B569-1710-477C-BCD6-9B3FEEF5D4DE}.Release|x86.Build.0 = Release|Any CPU
		{911C0AD1-85FA-4489-A9DB-501C8FF49ECF}.Debug|Any CPU.ActiveCfg = Debug|Any CPU
		{911C0AD1-85FA-4489-A9DB-501C8FF49ECF}.Debug|Any CPU.Build.0 = Debug|Any CPU
		{911C0AD1-85FA-4489-A9DB-501C8FF49ECF}.Debug|x64.ActiveCfg = Debug|Any CPU
		{911C0AD1-85FA-4489-A9DB-501C8FF49ECF}.Debug|x64.Build.0 = Debug|Any CPU
		{911C0AD1-85FA-4489-A9DB-501C8FF49ECF}.Debug|x86.ActiveCfg = Debug|Any CPU
		{911C0AD1-85FA-4489-A9DB-501C8FF49ECF}.Debug|x86.Build.0 = Debug|Any CPU
		{911C0AD1-85FA-4489-A9DB-501C8FF49ECF}.Release|Any CPU.ActiveCfg = Release|Any CPU
		{911C0AD1-85FA-4489-A9DB-501C8FF49ECF}.Release|Any CPU.Build.0 = Release|Any CPU
		{911C0AD1-85FA-4489-A9DB-501C8FF49ECF}.Release|x64.ActiveCfg = Release|Any CPU
		{911C0AD1-85FA-4489-A9DB-501C8FF49ECF}.Release|x64.Build.0 = Release|Any CPU
		{911C0AD1-85FA-4489-A9DB-501C8FF49ECF}.Release|x86.ActiveCfg = Release|Any CPU
		{911C0AD1-85FA-4489-A9DB-501C8FF49ECF}.Release|x86.Build.0 = Release|Any CPU
		{3803E45F-76C2-4186-B290-6E54CC05BAA6}.Debug|Any CPU.ActiveCfg = Debug|Any CPU
		{3803E45F-76C2-4186-B290-6E54CC05BAA6}.Debug|Any CPU.Build.0 = Debug|Any CPU
		{3803E45F-76C2-4186-B290-6E54CC05BAA6}.Debug|x64.ActiveCfg = Debug|Any CPU
		{3803E45F-76C2-4186-B290-6E54CC05BAA6}.Debug|x64.Build.0 = Debug|Any CPU
		{3803E45F-76C2-4186-B290-6E54CC05BAA6}.Debug|x86.ActiveCfg = Debug|Any CPU
		{3803E45F-76C2-4186-B290-6E54CC05BAA6}.Debug|x86.Build.0 = Debug|Any CPU
		{3803E45F-76C2-4186-B290-6E54CC05BAA6}.Release|Any CPU.ActiveCfg = Release|Any CPU
		{3803E45F-76C2-4186-B290-6E54CC05BAA6}.Release|Any CPU.Build.0 = Release|Any CPU
		{3803E45F-76C2-4186-B290-6E54CC05BAA6}.Release|x64.ActiveCfg = Release|Any CPU
		{3803E45F-76C2-4186-B290-6E54CC05BAA6}.Release|x64.Build.0 = Release|Any CPU
		{3803E45F-76C2-4186-B290-6E54CC05BAA6}.Release|x86.ActiveCfg = Release|Any CPU
		{3803E45F-76C2-4186-B290-6E54CC05BAA6}.Release|x86.Build.0 = Release|Any CPU
	EndGlobalSection
	GlobalSection(SolutionProperties) = preSolution
		HideSolutionNode = FALSE
	EndGlobalSection
	GlobalSection(NestedProjects) = preSolution
		{06C1A16D-CB8E-4099-8ACE-041E6C6ACDA0} = {594DB90B-5C61-403B-8A86-CFFC229C3628}
		{7B94FA43-BFF7-4660-9121-70653D973188} = {594DB90B-5C61-403B-8A86-CFFC229C3628}
		{FD9DEFA5-1759-4E91-84A1-D12E7AF20651} = {594DB90B-5C61-403B-8A86-CFFC229C3628}
		{3BCA3DC8-2285-4CBE-9F68-34357A07D0D2} = {594DB90B-5C61-403B-8A86-CFFC229C3628}
		{2E03F1B2-E924-4BDC-B619-3ADE6AB9C27E} = {594DB90B-5C61-403B-8A86-CFFC229C3628}
		{16E70B06-DE5B-453A-917F-55EFCFCFB492} = {594DB90B-5C61-403B-8A86-CFFC229C3628}
		{AEDAD6A6-C163-4695-B40A-101FA4671AAA} = {594DB90B-5C61-403B-8A86-CFFC229C3628}
		{34F0B3AA-3ADB-4288-BC3E-89D41D279B5B} = {594DB90B-5C61-403B-8A86-CFFC229C3628}
		{E73F6B75-2D3F-4D62-A605-A696523E55CA} = {594DB90B-5C61-403B-8A86-CFFC229C3628}
		{1963E3F6-37C1-49FA-B2EE-6112DCD83CF0} = {594DB90B-5C61-403B-8A86-CFFC229C3628}
		{BF440824-944D-47EB-966F-5667F006B104} = {594DB90B-5C61-403B-8A86-CFFC229C3628}
		{6B3E43BB-F6B2-4DA9-A7A5-34E7D998E143} = {594DB90B-5C61-403B-8A86-CFFC229C3628}
		{224BFDA0-BC60-4A22-8F2F-5DFD22EDD5B8} = {594DB90B-5C61-403B-8A86-CFFC229C3628}
		{7C1875FD-C7E1-459C-BACC-3BE2BD9C2150} = {594DB90B-5C61-403B-8A86-CFFC229C3628}
		{DB7CC44A-4733-45B4-8440-E6FB2D932D6E} = {594DB90B-5C61-403B-8A86-CFFC229C3628}
		{40A2F12B-825F-425D-B937-000067C4B2A3} = {594DB90B-5C61-403B-8A86-CFFC229C3628}
		{32B227E7-3488-4718-AAFB-7FDEDCBF3267} = {594DB90B-5C61-403B-8A86-CFFC229C3628}
		{3E26656F-9F9E-437F-92C0-413ECB7C9699} = {594DB90B-5C61-403B-8A86-CFFC229C3628}
		{5D6B1642-7D80-41D0-B292-5B5330A97EBD} = {594DB90B-5C61-403B-8A86-CFFC229C3628}
		{83D45B15-A8D0-47EC-A7D3-8116C59B00B1} = {594DB90B-5C61-403B-8A86-CFFC229C3628}
		{964D28CE-D368-4C21-BF1A-AB0B23DB2C30} = {594DB90B-5C61-403B-8A86-CFFC229C3628}
		{D4C9B8C5-3E1E-4A29-962D-2766FFC3FA48} = {594DB90B-5C61-403B-8A86-CFFC229C3628}
		{05E617FE-1A6D-4955-9E7E-37093F578FF9} = {594DB90B-5C61-403B-8A86-CFFC229C3628}
		{E8A0B732-489E-4CE8-A478-C4D27E1FD1D6} = {594DB90B-5C61-403B-8A86-CFFC229C3628}
		{F52A27E8-0105-4A2F-AB1C-08039C66DC7B} = {594DB90B-5C61-403B-8A86-CFFC229C3628}
		{6C65CA2C-886E-43A4-86C5-665CC2D3A380} = {594DB90B-5C61-403B-8A86-CFFC229C3628}
		{C3780E65-CDB7-49DD-97AE-DD56DE9C976C} = {594DB90B-5C61-403B-8A86-CFFC229C3628}
		{4223FFAB-F978-40FA-872D-D54A68D9A2FC} = {594DB90B-5C61-403B-8A86-CFFC229C3628}
		{F6B582C4-3773-4601-A4EF-C22B3D3227C5} = {594DB90B-5C61-403B-8A86-CFFC229C3628}
		{6F49F189-222E-4812-991C-F5E112D4EF94} = {594DB90B-5C61-403B-8A86-CFFC229C3628}
		{1535CFFA-E042-48F4-B07C-E75C5089BF91} = {594DB90B-5C61-403B-8A86-CFFC229C3628}
		{966B72BE-96F4-4E44-9107-B564ED40E33F} = {594DB90B-5C61-403B-8A86-CFFC229C3628}
		{74B9E052-D108-4873-BD41-FE1E1ADDB831} = {594DB90B-5C61-403B-8A86-CFFC229C3628}
		{C6DD4360-876A-4A2D-BB61-B938687ECBF9} = {594DB90B-5C61-403B-8A86-CFFC229C3628}
		{E16A90D0-AEA0-420A-9AA9-B5FC8100B69B} = {594DB90B-5C61-403B-8A86-CFFC229C3628}
		{EE351F84-30EB-4CA2-A441-7D8256C15DF1} = {594DB90B-5C61-403B-8A86-CFFC229C3628}
		{4247F83E-FC33-493B-83AD-A6FB04E13BB0} = {594DB90B-5C61-403B-8A86-CFFC229C3628}
		{53F31D99-111B-4C6C-970F-48A6512EA638} = {594DB90B-5C61-403B-8A86-CFFC229C3628}
		{9F49FC37-7127-452D-A85C-0173CDBD6D46} = {594DB90B-5C61-403B-8A86-CFFC229C3628}
		{55B7A436-7678-4957-A58E-211C1F9B3850} = {594DB90B-5C61-403B-8A86-CFFC229C3628}
		{687C996A-8821-4252-A06B-AD4ED9043439} = {594DB90B-5C61-403B-8A86-CFFC229C3628}
		{CB3DF3C4-AB30-4DC5-95BD-8B46DC392FF0} = {594DB90B-5C61-403B-8A86-CFFC229C3628}
		{451F7899-6E6F-414B-BB04-549C191A6E90} = {594DB90B-5C61-403B-8A86-CFFC229C3628}
		{6DD14E5C-FB66-40AC-848D-A3A20C1AC848} = {594DB90B-5C61-403B-8A86-CFFC229C3628}
		{B5E9F600-3771-4370-9EE1-35322D500644} = {594DB90B-5C61-403B-8A86-CFFC229C3628}
		{01EA7328-9881-4626-8843-EF6A8016E5AA} = {594DB90B-5C61-403B-8A86-CFFC229C3628}
		{5DC30D1B-5862-4FBD-A373-03773FA2767A} = {594DB90B-5C61-403B-8A86-CFFC229C3628}
		{3932832D-EFE7-49F0-9CC6-6BEFA1D2F88C} = {594DB90B-5C61-403B-8A86-CFFC229C3628}
		{A2BE2828-7EED-4E39-8919-920E1C97F945} = {594DB90B-5C61-403B-8A86-CFFC229C3628}
		{B079E063-3418-47BF-AD63-F7C3A4EF9525} = {594DB90B-5C61-403B-8A86-CFFC229C3628}
		{4033B569-1710-477C-BCD6-9B3FEEF5D4DE} = {594DB90B-5C61-403B-8A86-CFFC229C3628}
		{911C0AD1-85FA-4489-A9DB-501C8FF49ECF} = {594DB90B-5C61-403B-8A86-CFFC229C3628}
		{3803E45F-76C2-4186-B290-6E54CC05BAA6} = {594DB90B-5C61-403B-8A86-CFFC229C3628}
	EndGlobalSection
	GlobalSection(ExtensibilityGlobals) = postSolution
		SolutionGuid = {26ED4503-946F-4DF5-9733-2C7A88289292}
	EndGlobalSection
EndGlobal
