
Microsoft Visual Studio Solution File, Format Version 12.00
# Visual Studio Version 16
VisualStudioVersion = 16.0.30114.105
MinimumVisualStudioVersion = 10.0.40219.1
Project("{FAE04EC0-301F-11D3-BF4B-00C04F79EFBC}") = "R5T.Chalandri.DropboxRivetTestingData", "R5T.Chalandri.DropboxRivetTestingData\R5T.Chalandri.DropboxRivetTestingData.csproj", "{7A3ADF12-EEAB-4FC6-87BB-D572ACA9F6F3}"
EndProject
Project("{FAE04EC0-301F-11D3-BF4B-00C04F79EFBC}") = "R5T.Chalandri.DropboxRivetTestingData.Construction", "R5T.Chalandri.DropboxRivetTestingData.Construction\R5T.Chalandri.DropboxRivetTestingData.Construction.csproj", "{80B3E3B3-8375-415C-9BC3-BCCD09BF1A12}"
EndProject
Project("{FAE04EC0-301F-11D3-BF4B-00C04F79EFBC}") = "R5T.Chalandri.DropboxRivetTestingData.Testing", "R5T.Chalandri.DropboxRivetTestingData.Testing\R5T.Chalandri.DropboxRivetTestingData.Testing.csproj", "{4BF62666-CA62-49DF-B563-042E20F1A25C}"
EndProject
Global
	GlobalSection(SolutionConfigurationPlatforms) = preSolution
		Debug|Any CPU = Debug|Any CPU
		Debug|x64 = Debug|x64
		Debug|x86 = Debug|x86
		Release|Any CPU = Release|Any CPU
		Release|x64 = Release|x64
		Release|x86 = Release|x86
	EndGlobalSection
	GlobalSection(SolutionProperties) = preSolution
		HideSolutionNode = FALSE
	EndGlobalSection
	GlobalSection(ProjectConfigurationPlatforms) = postSolution
		{7A3ADF12-EEAB-4FC6-87BB-D572ACA9F6F3}.Debug|Any CPU.ActiveCfg = Debug|Any CPU
		{7A3ADF12-EEAB-4FC6-87BB-D572ACA9F6F3}.Debug|Any CPU.Build.0 = Debug|Any CPU
		{7A3ADF12-EEAB-4FC6-87BB-D572ACA9F6F3}.Debug|x64.ActiveCfg = Debug|Any CPU
		{7A3ADF12-EEAB-4FC6-87BB-D572ACA9F6F3}.Debug|x64.Build.0 = Debug|Any CPU
		{7A3ADF12-EEAB-4FC6-87BB-D572ACA9F6F3}.Debug|x86.ActiveCfg = Debug|Any CPU
		{7A3ADF12-EEAB-4FC6-87BB-D572ACA9F6F3}.Debug|x86.Build.0 = Debug|Any CPU
		{7A3ADF12-EEAB-4FC6-87BB-D572ACA9F6F3}.Release|Any CPU.ActiveCfg = Release|Any CPU
		{7A3ADF12-EEAB-4FC6-87BB-D572ACA9F6F3}.Release|Any CPU.Build.0 = Release|Any CPU
		{7A3ADF12-EEAB-4FC6-87BB-D572ACA9F6F3}.Release|x64.ActiveCfg = Release|Any CPU
		{7A3ADF12-EEAB-4FC6-87BB-D572ACA9F6F3}.Release|x64.Build.0 = Release|Any CPU
		{7A3ADF12-EEAB-4FC6-87BB-D572ACA9F6F3}.Release|x86.ActiveCfg = Release|Any CPU
		{7A3ADF12-EEAB-4FC6-87BB-D572ACA9F6F3}.Release|x86.Build.0 = Release|Any CPU
		{80B3E3B3-8375-415C-9BC3-BCCD09BF1A12}.Debug|Any CPU.ActiveCfg = Debug|Any CPU
		{80B3E3B3-8375-415C-9BC3-BCCD09BF1A12}.Debug|Any CPU.Build.0 = Debug|Any CPU
		{80B3E3B3-8375-415C-9BC3-BCCD09BF1A12}.Debug|x64.ActiveCfg = Debug|Any CPU
		{80B3E3B3-8375-415C-9BC3-BCCD09BF1A12}.Debug|x64.Build.0 = Debug|Any CPU
		{80B3E3B3-8375-415C-9BC3-BCCD09BF1A12}.Debug|x86.ActiveCfg = Debug|Any CPU
		{80B3E3B3-8375-415C-9BC3-BCCD09BF1A12}.Debug|x86.Build.0 = Debug|Any CPU
		{80B3E3B3-8375-415C-9BC3-BCCD09BF1A12}.Release|Any CPU.ActiveCfg = Release|Any CPU
		{80B3E3B3-8375-415C-9BC3-BCCD09BF1A12}.Release|Any CPU.Build.0 = Release|Any CPU
		{80B3E3B3-8375-415C-9BC3-BCCD09BF1A12}.Release|x64.ActiveCfg = Release|Any CPU
		{80B3E3B3-8375-415C-9BC3-BCCD09BF1A12}.Release|x64.Build.0 = Release|Any CPU
		{80B3E3B3-8375-415C-9BC3-BCCD09BF1A12}.Release|x86.ActiveCfg = Release|Any CPU
		{80B3E3B3-8375-415C-9BC3-BCCD09BF1A12}.Release|x86.Build.0 = Release|Any CPU
		{4BF62666-CA62-49DF-B563-042E20F1A25C}.Debug|Any CPU.ActiveCfg = Debug|Any CPU
		{4BF62666-CA62-49DF-B563-042E20F1A25C}.Debug|Any CPU.Build.0 = Debug|Any CPU
		{4BF62666-CA62-49DF-B563-042E20F1A25C}.Debug|x64.ActiveCfg = Debug|Any CPU
		{4BF62666-CA62-49DF-B563-042E20F1A25C}.Debug|x64.Build.0 = Debug|Any CPU
		{4BF62666-CA62-49DF-B563-042E20F1A25C}.Debug|x86.ActiveCfg = Debug|Any CPU
		{4BF62666-CA62-49DF-B563-042E20F1A25C}.Debug|x86.Build.0 = Debug|Any CPU
		{4BF62666-CA62-49DF-B563-042E20F1A25C}.Release|Any CPU.ActiveCfg = Release|Any CPU
		{4BF62666-CA62-49DF-B563-042E20F1A25C}.Release|Any CPU.Build.0 = Release|Any CPU
		{4BF62666-CA62-49DF-B563-042E20F1A25C}.Release|x64.ActiveCfg = Release|Any CPU
		{4BF62666-CA62-49DF-B563-042E20F1A25C}.Release|x64.Build.0 = Release|Any CPU
		{4BF62666-CA62-49DF-B563-042E20F1A25C}.Release|x86.ActiveCfg = Release|Any CPU
		{4BF62666-CA62-49DF-B563-042E20F1A25C}.Release|x86.Build.0 = Release|Any CPU
	EndGlobalSection
EndGlobal
